<?xml version="1.0" encoding="utf-8"?>
<Project ToolsVersion="4.0" xmlns="http://schemas.microsoft.com/developer/msbuild/2003">
  <ItemGroup>
    <Filter Include="Source Files">
      <UniqueIdentifier>{4FC737F1-C7A5-4376-A066-2A32D752A2FF}</UniqueIdentifier>
      <Extensions>cpp;c;cc;cxx;c++;cppm;ixx;def;odl;idl;hpj;bat;asm;asmx</Extensions>
    </Filter>
    <Filter Include="Header Files">
      <UniqueIdentifier>{93995380-89BD-4b04-88EB-625FBE52EBFB}</UniqueIdentifier>
      <Extensions>h;hh;hpp;hxx;h++;hm;inl;inc;ipp;xsd</Extensions>
    </Filter>
    <Filter Include="Resource Files">
      <UniqueIdentifier>{67DA6AB6-F800-4c08-8B7A-83BB121AAD01}</UniqueIdentifier>
      <Extensions>rc;ico;cur;bmp;dlg;rc2;rct;bin;rgs;gif;jpg;jpeg;jpe;resx;tiff;tif;png;wav;mfcribbon-ms</Extensions>
    </Filter>
  </ItemGroup>
  <ItemGroup>
    <ClInclude Include="BitTherapyCLR.h">
      <Filter>Header Files</Filter>
    </ClInclude>
    <ClInclude Include="Resource.h">
      <Filter>Header Files</Filter>
    </ClInclude>
    <ClInclude Include="src\capabilities\bounce_when_lateral_bound_is_hit.h">
      <Filter>Header Files</Filter>
    </ClInclude>
    <ClInclude Include="src\capabilities\capabilities.h">
      <Filter>Header Files</Filter>
    </ClInclude>
    <ClInclude Include="src\capabilities\gravity.h">
      <Filter>Header Files</Filter>
    </ClInclude>
    <ClInclude Include="src\capabilities\linear_movement.h">
      <Filter>Header Files</Filter>
    </ClInclude>
    <ClInclude Include="src\capabilities\random_animations.h">
      <Filter>Header Files</Filter>
    </ClInclude>
    <ClInclude Include="src\capabilities\wall_crawler.h">
      <Filter>Header Files</Filter>
    </ClInclude>
    <ClInclude Include="src\game\animator.h">
      <Filter>Header Files</Filter>
    </ClInclude>
    <ClInclude Include="src\game\entity.h">
      <Filter>Header Files</Filter>
    </ClInclude>
    <ClInclude Include="src\game\game.h">
      <Filter>Header Files</Filter>
    </ClInclude>
    <ClInclude Include="src\game\geometry.h">
      <Filter>Header Files</Filter>
    </ClInclude>
    <ClInclude Include="src\pets\pets.h">
      <Filter>Header Files</Filter>
    </ClInclude>
    <ClInclude Include="src\pets\pets_builder.h">
      <Filter>Header Files</Filter>
    </ClInclude>
    <ClInclude Include="src\species\species.h">
      <Filter>Header Files</Filter>
    </ClInclude>
    <ClInclude Include="src\species\species_model.h">
      <Filter>Header Files</Filter>
    </ClInclude>
    <ClInclude Include="src\species\species_parser.h">
      <Filter>Header Files</Filter>
    </ClInclude>
    <ClInclude Include="src\species\species_repository.h">
      <Filter>Header Files</Filter>
    </ClInclude>
    <ClInclude Include="src\sprites\sprite.h">
      <Filter>Header Files</Filter>
    </ClInclude>
    <ClInclude Include="src\sprites\sprite_set.h">
      <Filter>Header Files</Filter>
    </ClInclude>
    <ClInclude Include="src\sprites\sprite_set_builder.h">
      <Filter>Header Files</Filter>
    </ClInclude>
    <ClInclude Include="src\sprites\sprites.h">
      <Filter>Header Files</Filter>
    </ClInclude>
    <ClInclude Include="src\sprites\sprites_repository.h">
      <Filter>Header Files</Filter>
    </ClInclude>
    <ClInclude Include="src\sprites\timed_content_provider.h">
      <Filter>Header Files</Filter>
    </ClInclude>
    <ClInclude Include="src\utils\file_utils.h">
      <Filter>Header Files</Filter>
    </ClInclude>
    <ClInclude Include="src\utils\string_utils.h">
      <Filter>Header Files</Filter>
    </ClInclude>
    <ClInclude Include="src\utils\utils.h">
      <Filter>Header Files</Filter>
    </ClInclude>
    <ClInclude Include="src\utils\vector_utils.h">
      <Filter>Header Files</Filter>
    </ClInclude>
    <ClInclude Include="dependencies\nlohmann_json.hpp">
      <Filter>Header Files</Filter>
    </ClInclude>
  </ItemGroup>
  <ItemGroup>
    <ClCompile Include="BitTherapyCLR.cpp">
      <Filter>Source Files</Filter>
    </ClCompile>
    <ClCompile Include="AssemblyInfo.cpp">
      <Filter>Source Files</Filter>
    </ClCompile>
    <ClCompile Include="src\game\game.cpp">
      <Filter>Source Files</Filter>
    </ClCompile>
    <ClCompile Include="src\capabilities\bounce_when_lateral_bound_is_hit.cpp">
      <Filter>Source Files</Filter>
    </ClCompile>
    <ClCompile Include="src\capabilities\gravity.cpp">
      <Filter>Source Files</Filter>
    </ClCompile>
    <ClCompile Include="src\capabilities\linear_movement.cpp">
      <Filter>Source Files</Filter>
    </ClCompile>
    <ClCompile Include="src\capabilities\random_animations.cpp">
      <Filter>Source Files</Filter>
    </ClCompile>
    <ClCompile Include="src\capabilities\wall_crawler.cpp">
      <Filter>Source Files</Filter>
    </ClCompile>
    <ClCompile Include="src\game\animator.cpp">
      <Filter>Source Files</Filter>
    </ClCompile>
    <ClCompile Include="src\game\entity.cpp">
      <Filter>Source Files</Filter>
    </ClCompile>
    <ClCompile Include="src\game\geometry.cpp">
      <Filter>Source Files</Filter>
    </ClCompile>
    <ClCompile Include="src\pets\pets_builder.cpp">
      <Filter>Source Files</Filter>
    </ClCompile>
    <ClCompile Include="src\species\species_model.cpp">
      <Filter>Source Files</Filter>
    </ClCompile>
    <ClCompile Include="src\species\species_parser.cpp">
      <Filter>Source Files</Filter>
    </ClCompile>
    <ClCompile Include="src\species\species_repository.cpp">
      <Filter>Source Files</Filter>
    </ClCompile>
    <ClCompile Include="src\sprites\sprite.cpp">
      <Filter>Source Files</Filter>
    </ClCompile>
    <ClCompile Include="src\sprites\sprite_set.cpp">
      <Filter>Source Files</Filter>
    </ClCompile>
    <ClCompile Include="src\sprites\sprite_set_builder.cpp">
      <Filter>Source Files</Filter>
    </ClCompile>
    <ClCompile Include="src\sprites\sprites_repository.cpp">
      <Filter>Source Files</Filter>
    </ClCompile>
    <ClCompile Include="src\sprites\timed_content_provider.cpp">
      <Filter>Source Files</Filter>
    </ClCompile>
    <ClCompile Include="src\utils\file_utils.cpp">
      <Filter>Source Files</Filter>
    </ClCompile>
    <ClCompile Include="src\utils\string_utils.cpp">
      <Filter>Source Files</Filter>
    </ClCompile>
    <ClCompile Include="src\utils\vector_utils.cpp">
      <Filter>Source Files</Filter>
    </ClCompile>
  </ItemGroup>
  <ItemGroup>
    <ResourceCompile Include="app.rc">
      <Filter>Resource Files</Filter>
    </ResourceCompile>
  </ItemGroup>
  <ItemGroup>
    <Image Include="app.ico">
      <Filter>Resource Files</Filter>
    </Image>
  </ItemGroup>
</Project>