// !$*UTF8*$!
{
	archiveVersion = 1;
	classes = {
	};
	objectVersion = 55;
	objects = {

/* Begin PBXBuildFile section */
		1E3CD2752891B764007BB24B /* OnWindow in Frameworks */ = {isa = PBXBuildFile; productRef = 1E3CD2742891B764007BB24B /* OnWindow */; };
		1E9873B6289184FC00C0DBE2 /* OnWindow in Frameworks */ = {isa = PBXBuildFile; productRef = 1E9873B5289184FC00C0DBE2 /* OnWindow */; };
		1EE264032892867D00771170 /* Schwifty in Frameworks */ = {isa = PBXBuildFile; productRef = 1EE264022892867D00771170 /* Schwifty */; };
		1EE264052892868300771170 /* Schwifty in Frameworks */ = {isa = PBXBuildFile; productRef = 1EE264042892868300771170 /* Schwifty */; };
		A6326C2C287C7E2700E714CE /* Localizable.strings in Resources */ = {isa = PBXBuildFile; fileRef = A6326C1E287C7E2600E714CE /* Localizable.strings */; };
		A6326C2D287C7E2700E714CE /* Localizable.strings in Resources */ = {isa = PBXBuildFile; fileRef = A6326C1E287C7E2600E714CE /* Localizable.strings */; };
		A6326C2E287C7E2700E714CE /* Assets.xcassets in Resources */ = {isa = PBXBuildFile; fileRef = A6326C21287C7E2600E714CE /* Assets.xcassets */; };
		A6326C2F287C7E2700E714CE /* Assets.xcassets in Resources */ = {isa = PBXBuildFile; fileRef = A6326C21287C7E2600E714CE /* Assets.xcassets */; };
		A6326C30287C7E2700E714CE /* Dogica_Pixel_Bold.ttf in Resources */ = {isa = PBXBuildFile; fileRef = A6326C24287C7E2600E714CE /* Dogica_Pixel_Bold.ttf */; };
		A6326C31287C7E2700E714CE /* Dogica_Pixel_Bold.ttf in Resources */ = {isa = PBXBuildFile; fileRef = A6326C24287C7E2600E714CE /* Dogica_Pixel_Bold.ttf */; };
		A6326C32287C7E2700E714CE /* Dogica_Pixel.ttf in Resources */ = {isa = PBXBuildFile; fileRef = A6326C25287C7E2600E714CE /* Dogica_Pixel.ttf */; };
		A6326C33287C7E2700E714CE /* Dogica_Pixel.ttf in Resources */ = {isa = PBXBuildFile; fileRef = A6326C25287C7E2600E714CE /* Dogica_Pixel.ttf */; };
		A6326C34287C7E2700E714CE /* Dogica_Bold.ttf in Resources */ = {isa = PBXBuildFile; fileRef = A6326C26287C7E2600E714CE /* Dogica_Bold.ttf */; };
		A6326C35287C7E2700E714CE /* Dogica_Bold.ttf in Resources */ = {isa = PBXBuildFile; fileRef = A6326C26287C7E2600E714CE /* Dogica_Bold.ttf */; };
		A6326C36287C7E2700E714CE /* Dogica.ttf in Resources */ = {isa = PBXBuildFile; fileRef = A6326C27287C7E2600E714CE /* Dogica.ttf */; };
		A6326C37287C7E2700E714CE /* Dogica.ttf in Resources */ = {isa = PBXBuildFile; fileRef = A6326C27287C7E2600E714CE /* Dogica.ttf */; };
		A6326C38287C7E2700E714CE /* MyApp.swift in Sources */ = {isa = PBXBuildFile; fileRef = A6326C29287C7E2600E714CE /* MyApp.swift */; };
		A6326C39287C7E2700E714CE /* MyApp.swift in Sources */ = {isa = PBXBuildFile; fileRef = A6326C29287C7E2600E714CE /* MyApp.swift */; };
		A6326C3B287C7E2700E714CE /* MainWindowDelegate.swift in Sources */ = {isa = PBXBuildFile; fileRef = A6326C2A287C7E2600E714CE /* MainWindowDelegate.swift */; };
		A6326C3D287C7E2700E714CE /* MainView.swift in Sources */ = {isa = PBXBuildFile; fileRef = A6326C2B287C7E2600E714CE /* MainView.swift */; };
		A6326C48287C7EC300E714CE /* LiveEnvironment in Frameworks */ = {isa = PBXBuildFile; productRef = A6326C47287C7EC300E714CE /* LiveEnvironment */; };
		A6326C4A287C7EC300E714CE /* Pets in Frameworks */ = {isa = PBXBuildFile; productRef = A6326C49287C7EC300E714CE /* Pets */; };
		A6326C4C287C7EC300E714CE /* PetsAssets in Frameworks */ = {isa = PBXBuildFile; productRef = A6326C4B287C7EC300E714CE /* PetsAssets */; };
		A6326C50287C7EC300E714CE /* Sprites in Frameworks */ = {isa = PBXBuildFile; productRef = A6326C4F287C7EC300E714CE /* Sprites */; };
		A6326C52287C7EC300E714CE /* Squanch in Frameworks */ = {isa = PBXBuildFile; productRef = A6326C51287C7EC300E714CE /* Squanch */; };
		A6326C54287C7EDC00E714CE /* Biosphere in Frameworks */ = {isa = PBXBuildFile; productRef = A6326C53287C7EDC00E714CE /* Biosphere */; };
		A6326C56287C7EDC00E714CE /* DesignSystem in Frameworks */ = {isa = PBXBuildFile; productRef = A6326C55287C7EDC00E714CE /* DesignSystem */; };
		A6326C5E287C7EDC00E714CE /* LiveEnvironment in Frameworks */ = {isa = PBXBuildFile; productRef = A6326C5D287C7EDC00E714CE /* LiveEnvironment */; };
		A6326C60287C7EDC00E714CE /* Pets in Frameworks */ = {isa = PBXBuildFile; productRef = A6326C5F287C7EDC00E714CE /* Pets */; };
		A6326C62287C7EDC00E714CE /* PetsAssets in Frameworks */ = {isa = PBXBuildFile; productRef = A6326C61287C7EDC00E714CE /* PetsAssets */; };
		A6326C66287C7EDC00E714CE /* Sprites in Frameworks */ = {isa = PBXBuildFile; productRef = A6326C65287C7EDC00E714CE /* Sprites */; };
		A6326C68287C7EDC00E714CE /* Squanch in Frameworks */ = {isa = PBXBuildFile; productRef = A6326C67287C7EDC00E714CE /* Squanch */; };
		A6326C6A287C7EE100E714CE /* Biosphere in Frameworks */ = {isa = PBXBuildFile; productRef = A6326C69287C7EE100E714CE /* Biosphere */; };
		A6326C6C287C7EE100E714CE /* DesignSystem in Frameworks */ = {isa = PBXBuildFile; productRef = A6326C6B287C7EE100E714CE /* DesignSystem */; };
		A6B689C6287D4FBF00D3C860 /* GameMode in Frameworks */ = {isa = PBXBuildFile; productRef = A6B689C5287D4FBF00D3C860 /* GameMode */; };
		A6B689C8287D4FBF00D3C860 /* GameState in Frameworks */ = {isa = PBXBuildFile; productRef = A6B689C7287D4FBF00D3C860 /* GameState */; };
		A6B689CA287D4FC900D3C860 /* GameMode in Frameworks */ = {isa = PBXBuildFile; productRef = A6B689C9287D4FC900D3C860 /* GameMode */; };
		A6B689CC287D4FC900D3C860 /* GameState in Frameworks */ = {isa = PBXBuildFile; productRef = A6B689CB287D4FC900D3C860 /* GameState */; };
		A6D8EB4128811FB0001ABF78 /* MainView.swift in Sources */ = {isa = PBXBuildFile; fileRef = A6D8EB4028811FB0001ABF78 /* MainView.swift */; };
/* End PBXBuildFile section */

/* Begin PBXFileReference section */
		A6326BE6287C7D9100E714CE /* Game.app */ = {isa = PBXFileReference; explicitFileType = wrapper.application; includeInIndex = 0; path = Game.app; sourceTree = BUILT_PRODUCTS_DIR; };
		A6326BEC287C7D9200E714CE /* Game.app */ = {isa = PBXFileReference; explicitFileType = wrapper.application; includeInIndex = 0; path = Game.app; sourceTree = BUILT_PRODUCTS_DIR; };
		A6326BEE287C7D9200E714CE /* macOS.entitlements */ = {isa = PBXFileReference; lastKnownFileType = text.plist.entitlements; path = macOS.entitlements; sourceTree = "<group>"; };
		A6326C1F287C7E2600E714CE /* en */ = {isa = PBXFileReference; lastKnownFileType = text.plist.strings; name = en; path = en.lproj/Localizable.strings; sourceTree = "<group>"; };
		A6326C20287C7E2600E714CE /* it */ = {isa = PBXFileReference; lastKnownFileType = text.plist.strings; name = it; path = it.lproj/Localizable.strings; sourceTree = "<group>"; };
		A6326C21287C7E2600E714CE /* Assets.xcassets */ = {isa = PBXFileReference; lastKnownFileType = folder.assetcatalog; path = Assets.xcassets; sourceTree = "<group>"; };
		A6326C22287C7E2600E714CE /* MacPets.entitlements */ = {isa = PBXFileReference; fileEncoding = 4; lastKnownFileType = text.plist.entitlements; path = MacPets.entitlements; sourceTree = "<group>"; };
		A6326C24287C7E2600E714CE /* Dogica_Pixel_Bold.ttf */ = {isa = PBXFileReference; lastKnownFileType = file; path = Dogica_Pixel_Bold.ttf; sourceTree = "<group>"; };
		A6326C25287C7E2600E714CE /* Dogica_Pixel.ttf */ = {isa = PBXFileReference; lastKnownFileType = file; path = Dogica_Pixel.ttf; sourceTree = "<group>"; };
		A6326C26287C7E2600E714CE /* Dogica_Bold.ttf */ = {isa = PBXFileReference; lastKnownFileType = file; path = Dogica_Bold.ttf; sourceTree = "<group>"; };
		A6326C27287C7E2600E714CE /* Dogica.ttf */ = {isa = PBXFileReference; lastKnownFileType = file; path = Dogica.ttf; sourceTree = "<group>"; };
		A6326C29287C7E2600E714CE /* MyApp.swift */ = {isa = PBXFileReference; fileEncoding = 4; lastKnownFileType = sourcecode.swift; path = MyApp.swift; sourceTree = "<group>"; };
		A6326C2A287C7E2600E714CE /* MainWindowDelegate.swift */ = {isa = PBXFileReference; fileEncoding = 4; lastKnownFileType = sourcecode.swift; path = MainWindowDelegate.swift; sourceTree = "<group>"; };
		A6326C2B287C7E2600E714CE /* MainView.swift */ = {isa = PBXFileReference; fileEncoding = 4; lastKnownFileType = sourcecode.swift; path = MainView.swift; sourceTree = "<group>"; };
		A6B689C3287CB65C00D3C860 /* GameMode */ = {isa = PBXFileReference; lastKnownFileType = wrapper; path = GameMode; sourceTree = "<group>"; };
		A6B689C4287CB66800D3C860 /* GameState */ = {isa = PBXFileReference; lastKnownFileType = wrapper; path = GameState; sourceTree = "<group>"; };
		A6D8EB4028811FB0001ABF78 /* MainView.swift */ = {isa = PBXFileReference; lastKnownFileType = sourcecode.swift; path = MainView.swift; sourceTree = "<group>"; };
/* End PBXFileReference section */

/* Begin PBXFrameworksBuildPhase section */
		A6326BE3287C7D9100E714CE /* Frameworks */ = {
			isa = PBXFrameworksBuildPhase;
			buildActionMask = 2147483647;
			files = (
				A6B689C6287D4FBF00D3C860 /* GameMode in Frameworks */,
				1E3CD2752891B764007BB24B /* OnWindow in Frameworks */,
				A6326C62287C7EDC00E714CE /* PetsAssets in Frameworks */,
				A6326C60287C7EDC00E714CE /* Pets in Frameworks */,
				A6B689C8287D4FBF00D3C860 /* GameState in Frameworks */,
				A6326C54287C7EDC00E714CE /* Biosphere in Frameworks */,
				A6326C68287C7EDC00E714CE /* Squanch in Frameworks */,
				A6326C5E287C7EDC00E714CE /* LiveEnvironment in Frameworks */,
				1E9873B6289184FC00C0DBE2 /* OnWindow in Frameworks */,
				1EE264032892867D00771170 /* Schwifty in Frameworks */,
				A6326C56287C7EDC00E714CE /* DesignSystem in Frameworks */,
				A6326C66287C7EDC00E714CE /* Sprites in Frameworks */,
			);
			runOnlyForDeploymentPostprocessing = 0;
		};
		A6326BE9287C7D9200E714CE /* Frameworks */ = {
			isa = PBXFrameworksBuildPhase;
			buildActionMask = 2147483647;
			files = (
				A6B689CA287D4FC900D3C860 /* GameMode in Frameworks */,
				1EE264052892868300771170 /* Schwifty in Frameworks */,
				A6326C6A287C7EE100E714CE /* Biosphere in Frameworks */,
				A6326C52287C7EC300E714CE /* Squanch in Frameworks */,
				A6326C48287C7EC300E714CE /* LiveEnvironment in Frameworks */,
				A6B689CC287D4FC900D3C860 /* GameState in Frameworks */,
				A6326C50287C7EC300E714CE /* Sprites in Frameworks */,
				A6326C4A287C7EC300E714CE /* Pets in Frameworks */,
				A6326C4C287C7EC300E714CE /* PetsAssets in Frameworks */,
				A6326C6C287C7EE100E714CE /* DesignSystem in Frameworks */,
			);
			runOnlyForDeploymentPostprocessing = 0;
		};
/* End PBXFrameworksBuildPhase section */

/* Begin PBXGroup section */
		A6326BD9287C7D8F00E714CE = {
			isa = PBXGroup;
			children = (
				A6D8EB3F28811FA7001ABF78 /* iOS */,
				A6B689C2287CB65C00D3C860 /* Packages */,
				A6326C40287C7EC300E714CE /* Frameworks */,
				A6326BED287C7D9200E714CE /* macOS */,
				A6326BE7287C7D9100E714CE /* Products */,
				A6326BDE287C7D8F00E714CE /* Shared */,
				A6326BF6287C7D9200E714CE /* Tests */,
			);
			sourceTree = "<group>";
		};
		A6326BDE287C7D8F00E714CE /* Shared */ = {
			isa = PBXGroup;
			children = (
				A6326C1D287C7E2600E714CE /* Resources */,
				A6326C28287C7E2600E714CE /* Sources */,
			);
			path = Shared;
			sourceTree = "<group>";
		};
		A6326BE7287C7D9100E714CE /* Products */ = {
			isa = PBXGroup;
			children = (
				A6326BE6287C7D9100E714CE /* Game.app */,
				A6326BEC287C7D9200E714CE /* Game.app */,
			);
			name = Products;
			sourceTree = "<group>";
		};
		A6326BED287C7D9200E714CE /* macOS */ = {
			isa = PBXGroup;
			children = (
				A6326BEE287C7D9200E714CE /* macOS.entitlements */,
				A6326C2A287C7E2600E714CE /* MainWindowDelegate.swift */,
				A6326C2B287C7E2600E714CE /* MainView.swift */,
			);
			path = macOS;
			sourceTree = "<group>";
		};
		A6326BF6287C7D9200E714CE /* Tests */ = {
			isa = PBXGroup;
			children = (
				A6326C1C287C7DC300E714CE /* iOS */,
				A6326C1B287C7DBD00E714CE /* macOS */,
			);
			path = Tests;
			sourceTree = "<group>";
		};
		A6326C1B287C7DBD00E714CE /* macOS */ = {
			isa = PBXGroup;
			children = (
			);
			path = macOS;
			sourceTree = "<group>";
		};
		A6326C1C287C7DC300E714CE /* iOS */ = {
			isa = PBXGroup;
			children = (
			);
			path = iOS;
			sourceTree = "<group>";
		};
		A6326C1D287C7E2600E714CE /* Resources */ = {
			isa = PBXGroup;
			children = (
				A6326C21287C7E2600E714CE /* Assets.xcassets */,
				A6326C23287C7E2600E714CE /* Fonts */,
				A6326C1E287C7E2600E714CE /* Localizable.strings */,
				A6326C22287C7E2600E714CE /* MacPets.entitlements */,
			);
			path = Resources;
			sourceTree = "<group>";
		};
		A6326C23287C7E2600E714CE /* Fonts */ = {
			isa = PBXGroup;
			children = (
				A6326C24287C7E2600E714CE /* Dogica_Pixel_Bold.ttf */,
				A6326C25287C7E2600E714CE /* Dogica_Pixel.ttf */,
				A6326C26287C7E2600E714CE /* Dogica_Bold.ttf */,
				A6326C27287C7E2600E714CE /* Dogica.ttf */,
			);
			path = Fonts;
			sourceTree = "<group>";
		};
		A6326C28287C7E2600E714CE /* Sources */ = {
			isa = PBXGroup;
			children = (
				A6326C29287C7E2600E714CE /* MyApp.swift */,
			);
			path = Sources;
			sourceTree = "<group>";
		};
		A6326C40287C7EC300E714CE /* Frameworks */ = {
			isa = PBXGroup;
			children = (
			);
			name = Frameworks;
			sourceTree = "<group>";
		};
		A6B689C2287CB65C00D3C860 /* Packages */ = {
			isa = PBXGroup;
			children = (
				A6B689C3287CB65C00D3C860 /* GameMode */,
				A6B689C4287CB66800D3C860 /* GameState */,
			);
			name = Packages;
			sourceTree = "<group>";
		};
		A6D8EB3F28811FA7001ABF78 /* iOS */ = {
			isa = PBXGroup;
			children = (
				A6D8EB4028811FB0001ABF78 /* MainView.swift */,
			);
			path = iOS;
			sourceTree = "<group>";
		};
/* End PBXGroup section */

/* Begin PBXNativeTarget section */
		A6326BE5287C7D9100E714CE /* Game (iOS) */ = {
			isa = PBXNativeTarget;
			buildConfigurationList = A6326C0F287C7D9200E714CE /* Build configuration list for PBXNativeTarget "Game (iOS)" */;
			buildPhases = (
				1EDBC2BF2891BCBA00A8D37B /* SwiftLint */,
				A6326BE2287C7D9100E714CE /* Sources */,
				A6326BE3287C7D9100E714CE /* Frameworks */,
				A6326BE4287C7D9100E714CE /* Resources */,
			);
			buildRules = (
			);
			dependencies = (
			);
			name = "Game (iOS)";
			packageProductDependencies = (
				A6326C53287C7EDC00E714CE /* Biosphere */,
				A6326C55287C7EDC00E714CE /* DesignSystem */,
				A6326C5D287C7EDC00E714CE /* LiveEnvironment */,
				A6326C5F287C7EDC00E714CE /* Pets */,
				A6326C61287C7EDC00E714CE /* PetsAssets */,
				A6326C65287C7EDC00E714CE /* Sprites */,
				A6326C67287C7EDC00E714CE /* Squanch */,
				A6B689C5287D4FBF00D3C860 /* GameMode */,
				A6B689C7287D4FBF00D3C860 /* GameState */,
				1E9873B5289184FC00C0DBE2 /* OnWindow */,
				1E3CD2742891B764007BB24B /* OnWindow */,
				1EE264022892867D00771170 /* Schwifty */,
			);
			productName = "Game (iOS)";
			productReference = A6326BE6287C7D9100E714CE /* Game.app */;
			productType = "com.apple.product-type.application";
		};
		A6326BEB287C7D9200E714CE /* Game (macOS) */ = {
			isa = PBXNativeTarget;
			buildConfigurationList = A6326C12287C7D9200E714CE /* Build configuration list for PBXNativeTarget "Game (macOS)" */;
			buildPhases = (
				1EDBC2C02891BCC700A8D37B /* SwiftLint */,
				A6326BE8287C7D9200E714CE /* Sources */,
				A6326BE9287C7D9200E714CE /* Frameworks */,
				A6326BEA287C7D9200E714CE /* Resources */,
			);
			buildRules = (
			);
			dependencies = (
			);
			name = "Game (macOS)";
			packageProductDependencies = (
				A6326C47287C7EC300E714CE /* LiveEnvironment */,
				A6326C49287C7EC300E714CE /* Pets */,
				A6326C4B287C7EC300E714CE /* PetsAssets */,
				A6326C4F287C7EC300E714CE /* Sprites */,
				A6326C51287C7EC300E714CE /* Squanch */,
				A6326C69287C7EE100E714CE /* Biosphere */,
				A6326C6B287C7EE100E714CE /* DesignSystem */,
				A6B689C9287D4FC900D3C860 /* GameMode */,
				A6B689CB287D4FC900D3C860 /* GameState */,
				1EE264042892868300771170 /* Schwifty */,
			);
			productName = "Game (macOS)";
			productReference = A6326BEC287C7D9200E714CE /* Game.app */;
			productType = "com.apple.product-type.application";
		};
/* End PBXNativeTarget section */

/* Begin PBXProject section */
		A6326BDA287C7D8F00E714CE /* Project object */ = {
			isa = PBXProject;
			attributes = {
				BuildIndependentTargetsInParallel = 1;
				LastSwiftUpdateCheck = 1340;
				LastUpgradeCheck = 1340;
				TargetAttributes = {
					A6326BE5287C7D9100E714CE = {
						CreatedOnToolsVersion = 13.4.1;
					};
					A6326BEB287C7D9200E714CE = {
						CreatedOnToolsVersion = 13.4.1;
					};
				};
			};
			buildConfigurationList = A6326BDD287C7D8F00E714CE /* Build configuration list for PBXProject "Game" */;
			compatibilityVersion = "Xcode 13.0";
			developmentRegion = en;
			hasScannedForEncodings = 0;
			knownRegions = (
				en,
				Base,
				it,
			);
			mainGroup = A6326BD9287C7D8F00E714CE;
			packageReferences = (
				1E3CD2732891B764007BB24B /* XCRemoteSwiftPackageReference "OnWindow" */,
				1EE263FD289285E700771170 /* XCRemoteSwiftPackageReference "schwifty" */,
			);
			productRefGroup = A6326BE7287C7D9100E714CE /* Products */;
			projectDirPath = "";
			projectRoot = "";
			targets = (
				A6326BE5287C7D9100E714CE /* Game (iOS) */,
				A6326BEB287C7D9200E714CE /* Game (macOS) */,
			);
		};
/* End PBXProject section */

/* Begin PBXResourcesBuildPhase section */
		A6326BE4287C7D9100E714CE /* Resources */ = {
			isa = PBXResourcesBuildPhase;
			buildActionMask = 2147483647;
			files = (
				A6326C32287C7E2700E714CE /* Dogica_Pixel.ttf in Resources */,
				A6326C36287C7E2700E714CE /* Dogica.ttf in Resources */,
				A6326C34287C7E2700E714CE /* Dogica_Bold.ttf in Resources */,
				A6326C2E287C7E2700E714CE /* Assets.xcassets in Resources */,
				A6326C2C287C7E2700E714CE /* Localizable.strings in Resources */,
				A6326C30287C7E2700E714CE /* Dogica_Pixel_Bold.ttf in Resources */,
			);
			runOnlyForDeploymentPostprocessing = 0;
		};
		A6326BEA287C7D9200E714CE /* Resources */ = {
			isa = PBXResourcesBuildPhase;
			buildActionMask = 2147483647;
			files = (
				A6326C33287C7E2700E714CE /* Dogica_Pixel.ttf in Resources */,
				A6326C37287C7E2700E714CE /* Dogica.ttf in Resources */,
				A6326C35287C7E2700E714CE /* Dogica_Bold.ttf in Resources */,
				A6326C2F287C7E2700E714CE /* Assets.xcassets in Resources */,
				A6326C2D287C7E2700E714CE /* Localizable.strings in Resources */,
				A6326C31287C7E2700E714CE /* Dogica_Pixel_Bold.ttf in Resources */,
			);
			runOnlyForDeploymentPostprocessing = 0;
		};
/* End PBXResourcesBuildPhase section */

/* Begin PBXShellScriptBuildPhase section */
		1EDBC2BF2891BCBA00A8D37B /* SwiftLint */ = {
			isa = PBXShellScriptBuildPhase;
			buildActionMask = 2147483647;
			files = (
			);
			inputFileListPaths = (
			);
			inputPaths = (
			);
			name = SwiftLint;
			outputFileListPaths = (
			);
			outputPaths = (
			);
			runOnlyForDeploymentPostprocessing = 0;
			shellPath = /bin/sh;
			shellScript = "export PATH=\"$PATH:/opt/homebrew/bin\"\n\nif which swiftlint >/dev/null; then\n  swiftlint lint --path \"$SRCROOT\"/.. --config \"$SRCROOT\"/../.swiftlint.yml\nelse\n  echo \"warning: SwiftLint not installed, download from https://github.com/realm/SwiftLint\"\nfi\n";
		};
		1EDBC2C02891BCC700A8D37B /* SwiftLint */ = {
			isa = PBXShellScriptBuildPhase;
			buildActionMask = 2147483647;
			files = (
			);
			inputFileListPaths = (
			);
			inputPaths = (
			);
			name = SwiftLint;
			outputFileListPaths = (
			);
			outputPaths = (
			);
			runOnlyForDeploymentPostprocessing = 0;
			shellPath = /bin/sh;
			shellScript = "export PATH=\"$PATH:/opt/homebrew/bin\"\n\nif which swiftlint >/dev/null; then\n  swiftlint lint --path \"$SRCROOT\"/.. --config \"$SRCROOT\"/../.swiftlint.yml\nelse\n  echo \"warning: SwiftLint not installed, download from https://github.com/realm/SwiftLint\"\nfi\n";
		};
/* End PBXShellScriptBuildPhase section */

/* Begin PBXSourcesBuildPhase section */
		A6326BE2287C7D9100E714CE /* Sources */ = {
			isa = PBXSourcesBuildPhase;
			buildActionMask = 2147483647;
			files = (
				A6D8EB4128811FB0001ABF78 /* MainView.swift in Sources */,
				A6326C38287C7E2700E714CE /* MyApp.swift in Sources */,
			);
			runOnlyForDeploymentPostprocessing = 0;
		};
		A6326BE8287C7D9200E714CE /* Sources */ = {
			isa = PBXSourcesBuildPhase;
			buildActionMask = 2147483647;
			files = (
				A6326C3D287C7E2700E714CE /* MainView.swift in Sources */,
				A6326C3B287C7E2700E714CE /* MainWindowDelegate.swift in Sources */,
				A6326C39287C7E2700E714CE /* MyApp.swift in Sources */,
			);
			runOnlyForDeploymentPostprocessing = 0;
		};
/* End PBXSourcesBuildPhase section */

/* Begin PBXVariantGroup section */
		A6326C1E287C7E2600E714CE /* Localizable.strings */ = {
			isa = PBXVariantGroup;
			children = (
				A6326C1F287C7E2600E714CE /* en */,
				A6326C20287C7E2600E714CE /* it */,
			);
			name = Localizable.strings;
			sourceTree = "<group>";
		};
/* End PBXVariantGroup section */

/* Begin XCBuildConfiguration section */
		A6326C0D287C7D9200E714CE /* Debug */ = {
			isa = XCBuildConfiguration;
			buildSettings = {
				ALWAYS_SEARCH_USER_PATHS = NO;
				CLANG_ANALYZER_NONNULL = YES;
				CLANG_ANALYZER_NUMBER_OBJECT_CONVERSION = YES_AGGRESSIVE;
				CLANG_CXX_LANGUAGE_STANDARD = "gnu++17";
				CLANG_ENABLE_MODULES = YES;
				CLANG_ENABLE_OBJC_ARC = YES;
				CLANG_ENABLE_OBJC_WEAK = YES;
				CLANG_WARN_BLOCK_CAPTURE_AUTORELEASING = YES;
				CLANG_WARN_BOOL_CONVERSION = YES;
				CLANG_WARN_COMMA = YES;
				CLANG_WARN_CONSTANT_CONVERSION = YES;
				CLANG_WARN_DEPRECATED_OBJC_IMPLEMENTATIONS = YES;
				CLANG_WARN_DIRECT_OBJC_ISA_USAGE = YES_ERROR;
				CLANG_WARN_DOCUMENTATION_COMMENTS = YES;
				CLANG_WARN_EMPTY_BODY = YES;
				CLANG_WARN_ENUM_CONVERSION = YES;
				CLANG_WARN_INFINITE_RECURSION = YES;
				CLANG_WARN_INT_CONVERSION = YES;
				CLANG_WARN_NON_LITERAL_NULL_CONVERSION = YES;
				CLANG_WARN_OBJC_IMPLICIT_RETAIN_SELF = YES;
				CLANG_WARN_OBJC_LITERAL_CONVERSION = YES;
				CLANG_WARN_OBJC_ROOT_CLASS = YES_ERROR;
				CLANG_WARN_QUOTED_INCLUDE_IN_FRAMEWORK_HEADER = YES;
				CLANG_WARN_RANGE_LOOP_ANALYSIS = YES;
				CLANG_WARN_STRICT_PROTOTYPES = YES;
				CLANG_WARN_SUSPICIOUS_MOVE = YES;
				CLANG_WARN_UNGUARDED_AVAILABILITY = YES_AGGRESSIVE;
				CLANG_WARN_UNREACHABLE_CODE = YES;
				CLANG_WARN__DUPLICATE_METHOD_MATCH = YES;
				COPY_PHASE_STRIP = NO;
				DEBUG_INFORMATION_FORMAT = dwarf;
				ENABLE_STRICT_OBJC_MSGSEND = YES;
				ENABLE_TESTABILITY = YES;
				GCC_C_LANGUAGE_STANDARD = gnu11;
				GCC_DYNAMIC_NO_PIC = NO;
				GCC_NO_COMMON_BLOCKS = YES;
				GCC_OPTIMIZATION_LEVEL = 0;
				GCC_PREPROCESSOR_DEFINITIONS = (
					"DEBUG=1",
					"$(inherited)",
				);
				GCC_WARN_64_TO_32_BIT_CONVERSION = YES;
				GCC_WARN_ABOUT_RETURN_TYPE = YES_ERROR;
				GCC_WARN_UNDECLARED_SELECTOR = YES;
				GCC_WARN_UNINITIALIZED_AUTOS = YES_AGGRESSIVE;
				GCC_WARN_UNUSED_FUNCTION = YES;
				GCC_WARN_UNUSED_VARIABLE = YES;
				MTL_ENABLE_DEBUG_INFO = INCLUDE_SOURCE;
				MTL_FAST_MATH = YES;
				ONLY_ACTIVE_ARCH = YES;
				SWIFT_ACTIVE_COMPILATION_CONDITIONS = DEBUG;
				SWIFT_OPTIMIZATION_LEVEL = "-Onone";
			};
			name = Debug;
		};
		A6326C0E287C7D9200E714CE /* Release */ = {
			isa = XCBuildConfiguration;
			buildSettings = {
				ALWAYS_SEARCH_USER_PATHS = NO;
				CLANG_ANALYZER_NONNULL = YES;
				CLANG_ANALYZER_NUMBER_OBJECT_CONVERSION = YES_AGGRESSIVE;
				CLANG_CXX_LANGUAGE_STANDARD = "gnu++17";
				CLANG_ENABLE_MODULES = YES;
				CLANG_ENABLE_OBJC_ARC = YES;
				CLANG_ENABLE_OBJC_WEAK = YES;
				CLANG_WARN_BLOCK_CAPTURE_AUTORELEASING = YES;
				CLANG_WARN_BOOL_CONVERSION = YES;
				CLANG_WARN_COMMA = YES;
				CLANG_WARN_CONSTANT_CONVERSION = YES;
				CLANG_WARN_DEPRECATED_OBJC_IMPLEMENTATIONS = YES;
				CLANG_WARN_DIRECT_OBJC_ISA_USAGE = YES_ERROR;
				CLANG_WARN_DOCUMENTATION_COMMENTS = YES;
				CLANG_WARN_EMPTY_BODY = YES;
				CLANG_WARN_ENUM_CONVERSION = YES;
				CLANG_WARN_INFINITE_RECURSION = YES;
				CLANG_WARN_INT_CONVERSION = YES;
				CLANG_WARN_NON_LITERAL_NULL_CONVERSION = YES;
				CLANG_WARN_OBJC_IMPLICIT_RETAIN_SELF = YES;
				CLANG_WARN_OBJC_LITERAL_CONVERSION = YES;
				CLANG_WARN_OBJC_ROOT_CLASS = YES_ERROR;
				CLANG_WARN_QUOTED_INCLUDE_IN_FRAMEWORK_HEADER = YES;
				CLANG_WARN_RANGE_LOOP_ANALYSIS = YES;
				CLANG_WARN_STRICT_PROTOTYPES = YES;
				CLANG_WARN_SUSPICIOUS_MOVE = YES;
				CLANG_WARN_UNGUARDED_AVAILABILITY = YES_AGGRESSIVE;
				CLANG_WARN_UNREACHABLE_CODE = YES;
				CLANG_WARN__DUPLICATE_METHOD_MATCH = YES;
				COPY_PHASE_STRIP = NO;
				DEBUG_INFORMATION_FORMAT = "dwarf-with-dsym";
				ENABLE_NS_ASSERTIONS = NO;
				ENABLE_STRICT_OBJC_MSGSEND = YES;
				GCC_C_LANGUAGE_STANDARD = gnu11;
				GCC_NO_COMMON_BLOCKS = YES;
				GCC_WARN_64_TO_32_BIT_CONVERSION = YES;
				GCC_WARN_ABOUT_RETURN_TYPE = YES_ERROR;
				GCC_WARN_UNDECLARED_SELECTOR = YES;
				GCC_WARN_UNINITIALIZED_AUTOS = YES_AGGRESSIVE;
				GCC_WARN_UNUSED_FUNCTION = YES;
				GCC_WARN_UNUSED_VARIABLE = YES;
				MTL_ENABLE_DEBUG_INFO = NO;
				MTL_FAST_MATH = YES;
				SWIFT_COMPILATION_MODE = wholemodule;
				SWIFT_OPTIMIZATION_LEVEL = "-O";
			};
			name = Release;
		};
		A6326C10287C7D9200E714CE /* Debug */ = {
			isa = XCBuildConfiguration;
			buildSettings = {
				ASSETCATALOG_COMPILER_APPICON_NAME = "AppIcon-iOS";
				ASSETCATALOG_COMPILER_GLOBAL_ACCENT_COLOR_NAME = AccentColor;
				CODE_SIGN_STYLE = Automatic;
				CURRENT_PROJECT_VERSION = 1;
				DEVELOPMENT_TEAM = 9L5V9XNS25;
				ENABLE_PREVIEWS = YES;
				GENERATE_INFOPLIST_FILE = YES;
				INFOPLIST_KEY_UIApplicationSceneManifest_Generation = YES;
				INFOPLIST_KEY_UIApplicationSupportsIndirectInputEvents = YES;
				INFOPLIST_KEY_UILaunchScreen_Generation = YES;
				INFOPLIST_KEY_UISupportedInterfaceOrientations_iPad = "UIInterfaceOrientationPortrait UIInterfaceOrientationPortraitUpsideDown UIInterfaceOrientationLandscapeLeft UIInterfaceOrientationLandscapeRight";
				INFOPLIST_KEY_UISupportedInterfaceOrientations_iPhone = "UIInterfaceOrientationPortrait UIInterfaceOrientationLandscapeLeft UIInterfaceOrientationLandscapeRight";
				IPHONEOS_DEPLOYMENT_TARGET = 15.0;
				LD_RUNPATH_SEARCH_PATHS = (
					"$(inherited)",
					"@executable_path/Frameworks",
				);
				MARKETING_VERSION = 1.0;
				PRODUCT_BUNDLE_IDENTIFIER = it.curzel.Game;
				PRODUCT_NAME = Game;
				SDKROOT = iphoneos;
				SWIFT_EMIT_LOC_STRINGS = YES;
				SWIFT_VERSION = 5.0;
				TARGETED_DEVICE_FAMILY = "1,2";
			};
			name = Debug;
		};
		A6326C11287C7D9200E714CE /* Release */ = {
			isa = XCBuildConfiguration;
			buildSettings = {
				ASSETCATALOG_COMPILER_APPICON_NAME = "AppIcon-iOS";
				ASSETCATALOG_COMPILER_GLOBAL_ACCENT_COLOR_NAME = AccentColor;
				CODE_SIGN_STYLE = Automatic;
				CURRENT_PROJECT_VERSION = 1;
				DEVELOPMENT_TEAM = 9L5V9XNS25;
				ENABLE_PREVIEWS = YES;
				GENERATE_INFOPLIST_FILE = YES;
				INFOPLIST_KEY_UIApplicationSceneManifest_Generation = YES;
				INFOPLIST_KEY_UIApplicationSupportsIndirectInputEvents = YES;
				INFOPLIST_KEY_UILaunchScreen_Generation = YES;
				INFOPLIST_KEY_UISupportedInterfaceOrientations_iPad = "UIInterfaceOrientationPortrait UIInterfaceOrientationPortraitUpsideDown UIInterfaceOrientationLandscapeLeft UIInterfaceOrientationLandscapeRight";
				INFOPLIST_KEY_UISupportedInterfaceOrientations_iPhone = "UIInterfaceOrientationPortrait UIInterfaceOrientationLandscapeLeft UIInterfaceOrientationLandscapeRight";
				IPHONEOS_DEPLOYMENT_TARGET = 15.0;
				LD_RUNPATH_SEARCH_PATHS = (
					"$(inherited)",
					"@executable_path/Frameworks",
				);
				MARKETING_VERSION = 1.0;
				PRODUCT_BUNDLE_IDENTIFIER = it.curzel.Game;
				PRODUCT_NAME = Game;
				SDKROOT = iphoneos;
				SWIFT_EMIT_LOC_STRINGS = YES;
				SWIFT_VERSION = 5.0;
				TARGETED_DEVICE_FAMILY = "1,2";
				VALIDATE_PRODUCT = YES;
			};
			name = Release;
		};
		A6326C13287C7D9200E714CE /* Debug */ = {
			isa = XCBuildConfiguration;
			buildSettings = {
				ASSETCATALOG_COMPILER_APPICON_NAME = "AppIcon-macOS";
				ASSETCATALOG_COMPILER_GLOBAL_ACCENT_COLOR_NAME = AccentColor;
				CODE_SIGN_ENTITLEMENTS = macOS/macOS.entitlements;
				CODE_SIGN_STYLE = Automatic;
				COMBINE_HIDPI_IMAGES = YES;
				CURRENT_PROJECT_VERSION = 1;
				DEVELOPMENT_TEAM = 9L5V9XNS25;
				ENABLE_HARDENED_RUNTIME = YES;
				ENABLE_PREVIEWS = YES;
				GENERATE_INFOPLIST_FILE = YES;
				INFOPLIST_KEY_NSHumanReadableCopyright = "";
				LD_RUNPATH_SEARCH_PATHS = (
					"$(inherited)",
					"@executable_path/../Frameworks",
				);
				MACOSX_DEPLOYMENT_TARGET = 12.0;
				MARKETING_VERSION = 1.0;
				PRODUCT_BUNDLE_IDENTIFIER = it.curzel.Game;
				PRODUCT_NAME = Game;
				SDKROOT = macosx;
				SWIFT_EMIT_LOC_STRINGS = YES;
				SWIFT_VERSION = 5.0;
			};
			name = Debug;
		};
		A6326C14287C7D9200E714CE /* Release */ = {
			isa = XCBuildConfiguration;
			buildSettings = {
				ASSETCATALOG_COMPILER_APPICON_NAME = "AppIcon-macOS";
				ASSETCATALOG_COMPILER_GLOBAL_ACCENT_COLOR_NAME = AccentColor;
				CODE_SIGN_ENTITLEMENTS = macOS/macOS.entitlements;
				CODE_SIGN_STYLE = Automatic;
				COMBINE_HIDPI_IMAGES = YES;
				CURRENT_PROJECT_VERSION = 1;
				DEVELOPMENT_TEAM = 9L5V9XNS25;
				ENABLE_HARDENED_RUNTIME = YES;
				ENABLE_PREVIEWS = YES;
				GENERATE_INFOPLIST_FILE = YES;
				INFOPLIST_KEY_NSHumanReadableCopyright = "";
				LD_RUNPATH_SEARCH_PATHS = (
					"$(inherited)",
					"@executable_path/../Frameworks",
				);
				MACOSX_DEPLOYMENT_TARGET = 12.0;
				MARKETING_VERSION = 1.0;
				PRODUCT_BUNDLE_IDENTIFIER = it.curzel.Game;
				PRODUCT_NAME = Game;
				SDKROOT = macosx;
				SWIFT_EMIT_LOC_STRINGS = YES;
				SWIFT_VERSION = 5.0;
			};
			name = Release;
		};
/* End XCBuildConfiguration section */

/* Begin XCConfigurationList section */
		A6326BDD287C7D8F00E714CE /* Build configuration list for PBXProject "Game" */ = {
			isa = XCConfigurationList;
			buildConfigurations = (
				A6326C0D287C7D9200E714CE /* Debug */,
				A6326C0E287C7D9200E714CE /* Release */,
			);
			defaultConfigurationIsVisible = 0;
			defaultConfigurationName = Release;
		};
		A6326C0F287C7D9200E714CE /* Build configuration list for PBXNativeTarget "Game (iOS)" */ = {
			isa = XCConfigurationList;
			buildConfigurations = (
				A6326C10287C7D9200E714CE /* Debug */,
				A6326C11287C7D9200E714CE /* Release */,
			);
			defaultConfigurationIsVisible = 0;
			defaultConfigurationName = Release;
		};
		A6326C12287C7D9200E714CE /* Build configuration list for PBXNativeTarget "Game (macOS)" */ = {
			isa = XCConfigurationList;
			buildConfigurations = (
				A6326C13287C7D9200E714CE /* Debug */,
				A6326C14287C7D9200E714CE /* Release */,
			);
			defaultConfigurationIsVisible = 0;
			defaultConfigurationName = Release;
		};
/* End XCConfigurationList section */

/* Begin XCRemoteSwiftPackageReference section */
		1E3CD2732891B764007BB24B /* XCRemoteSwiftPackageReference "OnWindow" */ = {
			isa = XCRemoteSwiftPackageReference;
			repositoryURL = "https://github.com/curzel-it/OnWindow";
			requirement = {
				branch = main;
				kind = branch;
			};
		};
		1EE263FD289285E700771170 /* XCRemoteSwiftPackageReference "schwifty" */ = {
			isa = XCRemoteSwiftPackageReference;
			repositoryURL = "https://github.com/curzel-it/schwifty";
			requirement = {
				branch = main;
				kind = branch;
			};
		};
/* End XCRemoteSwiftPackageReference section */

/* Begin XCSwiftPackageProductDependency section */
		1E3CD2742891B764007BB24B /* OnWindow */ = {
			isa = XCSwiftPackageProductDependency;
			package = 1E3CD2732891B764007BB24B /* XCRemoteSwiftPackageReference "OnWindow" */;
			productName = OnWindow;
		};
		1E9873B5289184FC00C0DBE2 /* OnWindow */ = {
			isa = XCSwiftPackageProductDependency;
			productName = OnWindow;
		};
		1EE264022892867D00771170 /* Schwifty */ = {
			isa = XCSwiftPackageProductDependency;
			package = 1EE263FD289285E700771170 /* XCRemoteSwiftPackageReference "schwifty" */;
			productName = Schwifty;
		};
		1EE264042892868300771170 /* Schwifty */ = {
			isa = XCSwiftPackageProductDependency;
			package = 1EE263FD289285E700771170 /* XCRemoteSwiftPackageReference "schwifty" */;
			productName = Schwifty;
		};
		A6326C47287C7EC300E714CE /* LiveEnvironment */ = {
			isa = XCSwiftPackageProductDependency;
			productName = LiveEnvironment;
		};
		A6326C49287C7EC300E714CE /* Pets */ = {
			isa = XCSwiftPackageProductDependency;
			productName = Pets;
		};
		A6326C4B287C7EC300E714CE /* PetsAssets */ = {
			isa = XCSwiftPackageProductDependency;
			productName = PetsAssets;
		};
		A6326C4F287C7EC300E714CE /* Sprites */ = {
			isa = XCSwiftPackageProductDependency;
			productName = Sprites;
		};
		A6326C51287C7EC300E714CE /* Squanch */ = {
			isa = XCSwiftPackageProductDependency;
			productName = Squanch;
		};
		A6326C53287C7EDC00E714CE /* Biosphere */ = {
			isa = XCSwiftPackageProductDependency;
			productName = Biosphere;
		};
		A6326C55287C7EDC00E714CE /* DesignSystem */ = {
			isa = XCSwiftPackageProductDependency;
			productName = DesignSystem;
		};
		A6326C5D287C7EDC00E714CE /* LiveEnvironment */ = {
			isa = XCSwiftPackageProductDependency;
			productName = LiveEnvironment;
		};
		A6326C5F287C7EDC00E714CE /* Pets */ = {
			isa = XCSwiftPackageProductDependency;
			productName = Pets;
		};
		A6326C61287C7EDC00E714CE /* PetsAssets */ = {
			isa = XCSwiftPackageProductDependency;
			productName = PetsAssets;
		};
		A6326C65287C7EDC00E714CE /* Sprites */ = {
			isa = XCSwiftPackageProductDependency;
			productName = Sprites;
		};
		A6326C67287C7EDC00E714CE /* Squanch */ = {
			isa = XCSwiftPackageProductDependency;
			productName = Squanch;
		};
		A6326C69287C7EE100E714CE /* Biosphere */ = {
			isa = XCSwiftPackageProductDependency;
			productName = Biosphere;
		};
		A6326C6B287C7EE100E714CE /* DesignSystem */ = {
			isa = XCSwiftPackageProductDependency;
			productName = DesignSystem;
		};
		A6B689C5287D4FBF00D3C860 /* GameMode */ = {
			isa = XCSwiftPackageProductDependency;
			productName = GameMode;
		};
		A6B689C7287D4FBF00D3C860 /* GameState */ = {
			isa = XCSwiftPackageProductDependency;
			productName = GameState;
		};
		A6B689C9287D4FC900D3C860 /* GameMode */ = {
			isa = XCSwiftPackageProductDependency;
			productName = GameMode;
		};
		A6B689CB287D4FC900D3C860 /* GameState */ = {
			isa = XCSwiftPackageProductDependency;
			productName = GameState;
		};
/* End XCSwiftPackageProductDependency section */
	};
	rootObject = A6326BDA287C7D8F00E714CE /* Project object */;
}
