// !$*UTF8*$!
{
	archiveVersion = 1;
	classes = {
	};
	objectVersion = 55;
	objects = {

/* Begin PBXBuildFile section */
		1E1EBF31291F9E1800D2323D /* dogica.ttf in Resources */ = {isa = PBXBuildFile; fileRef = 1E1EBF30291F9E1800D2323D /* dogica.ttf */; };
		1E2527392989AB2C00756762 /* Swinject in Frameworks */ = {isa = PBXBuildFile; productRef = 1E2527382989AB2C00756762 /* Swinject */; };
		1E25273B2989AB4C00756762 /* AppStateStorage.swift in Sources */ = {isa = PBXBuildFile; fileRef = 1E25273A2989AB4C00756762 /* AppStateStorage.swift */; };
		1E25273D2989ABC300756762 /* Dependencies.swift in Sources */ = {isa = PBXBuildFile; fileRef = 1E25273C2989ABC300756762 /* Dependencies.swift */; };
		1E29448E2973A21A000A90B0 /* FirebaseAnalyticsWithoutAdIdSupport in Frameworks */ = {isa = PBXBuildFile; productRef = 1E29448D2973A21A000A90B0 /* FirebaseAnalyticsWithoutAdIdSupport */; };
		1E2944902973A21A000A90B0 /* FirebaseCrashlytics in Frameworks */ = {isa = PBXBuildFile; productRef = 1E29448F2973A21A000A90B0 /* FirebaseCrashlytics */; };
		1E2AC741290AA941003D0AB2 /* AppState.swift in Sources */ = {isa = PBXBuildFile; fileRef = 1E2AC73F290AA941003D0AB2 /* AppState.swift */; };
		1E2AC747290B1093003D0AB2 /* Lang.swift in Sources */ = {isa = PBXBuildFile; fileRef = 1E2AC745290B1093003D0AB2 /* Lang.swift */; };
		1E2D7D4929747D9400DC7D5F /* NewsView.swift in Sources */ = {isa = PBXBuildFile; fileRef = 1E2D7D4829747D9400DC7D5F /* NewsView.swift */; };
		1E326813298C73980019C346 /* CustomPets in Frameworks */ = {isa = PBXBuildFile; productRef = 1E326812298C73980019C346 /* CustomPets */; };
		1E326815298C73A70019C346 /* DesktopPetsTests.swift in Sources */ = {isa = PBXBuildFile; fileRef = 1E326814298C73A70019C346 /* DesktopPetsTests.swift */; };
		1E33FD95295EEDD700B9FC36 /* PetsAssets.swift in Sources */ = {isa = PBXBuildFile; fileRef = 1E33FD94295EEDD700B9FC36 /* PetsAssets.swift */; };
		1E36C81F295F533D008EFB28 /* PetsSelectionView.swift in Sources */ = {isa = PBXBuildFile; fileRef = 1E36C819295F533D008EFB28 /* PetsSelectionView.swift */; };
		1E36C821295F533D008EFB28 /* PetsGrid.swift in Sources */ = {isa = PBXBuildFile; fileRef = 1E36C81A295F533D008EFB28 /* PetsGrid.swift */; };
		1E36C823295F533D008EFB28 /* PetDetailsView.swift in Sources */ = {isa = PBXBuildFile; fileRef = 1E36C81B295F533D008EFB28 /* PetDetailsView.swift */; };
		1E36C825295F533D008EFB28 /* PetsSelectionViewModel.swift in Sources */ = {isa = PBXBuildFile; fileRef = 1E36C81C295F533D008EFB28 /* PetsSelectionViewModel.swift */; };
		1E36C829295F533D008EFB28 /* PetDetailsViewModel.swift in Sources */ = {isa = PBXBuildFile; fileRef = 1E36C81E295F533D008EFB28 /* PetDetailsViewModel.swift */; };
		1E42E4D4295F7A5200F425F8 /* Species.swift in Sources */ = {isa = PBXBuildFile; fileRef = 1E42E4D3295F7A5200F425F8 /* Species.swift */; };
		1E5AACB729716CB9007531DF /* Tracking.swift in Sources */ = {isa = PBXBuildFile; fileRef = 1E5AACB429716CB9007531DF /* Tracking.swift */; };
		1E5AACB929716CB9007531DF /* Firebase.swift in Sources */ = {isa = PBXBuildFile; fileRef = 1E5AACB529716CB9007531DF /* Firebase.swift */; };
		1E61F886296F6B52007863DE /* Filters.swift in Sources */ = {isa = PBXBuildFile; fileRef = 1E61F885296F6B52007863DE /* Filters.swift */; };
		1E7B939C298C78B5001F045E /* CustomPetsDependencies.swift in Sources */ = {isa = PBXBuildFile; fileRef = 1E7B939B298C78B5001F045E /* CustomPetsDependencies.swift */; };
		1E7D1EA62909C31600CC036B /* Settings.swift in Sources */ = {isa = PBXBuildFile; fileRef = 1E7D1EA42909C31600CC036B /* Settings.swift */; };
		1E7D33F32915E2B2002C0188 /* AppPages.swift in Sources */ = {isa = PBXBuildFile; fileRef = 1E7D33F22915E2B2002C0188 /* AppPages.swift */; };
		1E861D122989BFD000EA074E /* EntityRendering.swift in Sources */ = {isa = PBXBuildFile; fileRef = 1E861D112989BFD000EA074E /* EntityRendering.swift */; };
		1E861D142989C49F00EA074E /* DependencyInjectionUtils in Frameworks */ = {isa = PBXBuildFile; productRef = 1E861D132989C49F00EA074E /* DependencyInjectionUtils */; };
		1E93C60C29624891007A5B91 /* ImportPetDragAndDropCoordinator.swift in Sources */ = {isa = PBXBuildFile; fileRef = 1E93C60B29624891007A5B91 /* ImportPetDragAndDropCoordinator.swift */; };
		1E93C60F2962E781007A5B91 /* DeletePetButtonCoordinator.swift in Sources */ = {isa = PBXBuildFile; fileRef = 1E93C60E2962E781007A5B91 /* DeletePetButtonCoordinator.swift */; };
		1EA055582913E4BE0037803E /* AppDelegate.swift in Sources */ = {isa = PBXBuildFile; fileRef = 1EA055572913E4BE0037803E /* AppDelegate.swift */; };
		1EA0D848298C6A0400FA07F5 /* ExportPetButtonCoordinator.swift in Sources */ = {isa = PBXBuildFile; fileRef = 1EA0D847298C6A0400FA07F5 /* ExportPetButtonCoordinator.swift */; };
		1EAB525E2989B3FD00EA4034 /* PetsWindow.swift in Sources */ = {isa = PBXBuildFile; fileRef = 1EAB525D2989B3FD00EA4034 /* PetsWindow.swift */; };
		1EAB52602989B8F800EA4034 /* EntityRendering in Frameworks */ = {isa = PBXBuildFile; productRef = 1EAB525F2989B8F800EA4034 /* EntityRendering */; };
		1EAEA9062970D32900AB3EB0 /* RandomPlatformJumper.swift in Sources */ = {isa = PBXBuildFile; fileRef = 1EAEA8F22970D32900AB3EB0 /* RandomPlatformJumper.swift */; };
		1EAEA9082970D32900AB3EB0 /* DesktopObstaclesService.swift in Sources */ = {isa = PBXBuildFile; fileRef = 1EAEA8F32970D32900AB3EB0 /* DesktopObstaclesService.swift */; };
		1EAEA90A2970D32900AB3EB0 /* ShowMenuOnRightClick.swift in Sources */ = {isa = PBXBuildFile; fileRef = 1EAEA8F42970D32900AB3EB0 /* ShowMenuOnRightClick.swift */; };
		1EAEA90E2970D32900AB3EB0 /* MouseDraggable.swift in Sources */ = {isa = PBXBuildFile; fileRef = 1EAEA8F62970D32900AB3EB0 /* MouseDraggable.swift */; };
		1EAEA9102970D32900AB3EB0 /* GetsAngryWhenMeetingOtherCats.swift in Sources */ = {isa = PBXBuildFile; fileRef = 1EAEA8F82970D32900AB3EB0 /* GetsAngryWhenMeetingOtherCats.swift */; };
		1EAEA9142970D32900AB3EB0 /* DesktopEnvironment.swift in Sources */ = {isa = PBXBuildFile; fileRef = 1EAEA8FA2970D32900AB3EB0 /* DesktopEnvironment.swift */; };
		1EAEA9162970D32900AB3EB0 /* ScreenEnvironment.swift in Sources */ = {isa = PBXBuildFile; fileRef = 1EAEA8FB2970D32900AB3EB0 /* ScreenEnvironment.swift */; };
		1EAEA9182970D32900AB3EB0 /* SleepingPlace.swift in Sources */ = {isa = PBXBuildFile; fileRef = 1EAEA8FC2970D32900AB3EB0 /* SleepingPlace.swift */; };
		1EAEA91A2970D32900AB3EB0 /* PetEntity.swift in Sources */ = {isa = PBXBuildFile; fileRef = 1EAEA8FD2970D32900AB3EB0 /* PetEntity.swift */; };
		1EAEA91C2970D32900AB3EB0 /* Animations.swift in Sources */ = {isa = PBXBuildFile; fileRef = 1EAEA8FE2970D32900AB3EB0 /* Animations.swift */; };
		1EAEA91E2970D32900AB3EB0 /* UfoAbduction.swift in Sources */ = {isa = PBXBuildFile; fileRef = 1EAEA8FF2970D32900AB3EB0 /* UfoAbduction.swift */; };
		1EAEA9202970D32900AB3EB0 /* Capabilities.swift in Sources */ = {isa = PBXBuildFile; fileRef = 1EAEA9002970D32900AB3EB0 /* Capabilities.swift */; };
		1EAEA9222970D32900AB3EB0 /* OnScreen.swift in Sources */ = {isa = PBXBuildFile; fileRef = 1EAEA9012970D32900AB3EB0 /* OnScreen.swift */; };
		1EC3B0B829637128009ECD6A /* Species in Resources */ = {isa = PBXBuildFile; fileRef = 1EC3B0B629637128009ECD6A /* Species */; };
		1EC3B0BA29637128009ECD6A /* PetsAssets in Resources */ = {isa = PBXBuildFile; fileRef = 1EC3B0B729637128009ECD6A /* PetsAssets */; };
		1ED1D04129130C11004031BC /* StatusBar.swift in Sources */ = {isa = PBXBuildFile; fileRef = 1ED1D04029130C11004031BC /* StatusBar.swift */; };
		1ED75D43291AEF4E004C6B7B /* pixelar-regular.otf in Resources */ = {isa = PBXBuildFile; fileRef = 1ED75D42291AEF4E004C6B7B /* pixelar-regular.otf */; };
		1EF813B3297177A400D6B4E6 /* DesignSystem in Frameworks */ = {isa = PBXBuildFile; productRef = 1EF813B2297177A400D6B4E6 /* DesignSystem */; };
		1EF813B5297177A400D6B4E6 /* Yage in Frameworks */ = {isa = PBXBuildFile; productRef = 1EF813B4297177A400D6B4E6 /* Yage */; };
		1EF813B9297177A400D6B4E6 /* LaunchAtLogin in Frameworks */ = {isa = PBXBuildFile; productRef = 1EF813B8297177A400D6B4E6 /* LaunchAtLogin */; };
		1EF813BB297177A400D6B4E6 /* Schwifty in Frameworks */ = {isa = PBXBuildFile; productRef = 1EF813BA297177A400D6B4E6 /* Schwifty */; };
		1EF813BD297177A400D6B4E6 /* RateKit in Frameworks */ = {isa = PBXBuildFile; productRef = 1EF813BC297177A400D6B4E6 /* RateKit */; };
		1EF813C3297177A400D6B4E6 /* WindowsDetector in Frameworks */ = {isa = PBXBuildFile; productRef = 1EF813C2297177A400D6B4E6 /* WindowsDetector */; };
		1EF813C5297177A500D6B4E6 /* FirebaseAnalyticsWithoutAdIdSupport in Frameworks */ = {isa = PBXBuildFile; productRef = 1EF813C4297177A500D6B4E6 /* FirebaseAnalyticsWithoutAdIdSupport */; };
		1EF813C7297177A500D6B4E6 /* FirebaseCrashlytics in Frameworks */ = {isa = PBXBuildFile; productRef = 1EF813C6297177A500D6B4E6 /* FirebaseCrashlytics */; };
		1EF813F029718A1600D6B4E6 /* GoogleService-Info.plist in Resources */ = {isa = PBXBuildFile; fileRef = 1EF813EF29718A1600D6B4E6 /* GoogleService-Info.plist */; };
		A6FB7D6A28740F8E00AB872E /* Localizable.strings in Resources */ = {isa = PBXBuildFile; fileRef = A6FB7D4528740F8E00AB872E /* Localizable.strings */; };
		A6FB7D6E28740F8E00AB872E /* Assets.xcassets in Resources */ = {isa = PBXBuildFile; fileRef = A6FB7D4928740F8E00AB872E /* Assets.xcassets */; };
		A6FB7D7F28740F8E00AB872E /* App.swift in Sources */ = {isa = PBXBuildFile; fileRef = A6FB7D5628740F8E00AB872E /* App.swift */; };
		A6FB7D8328740F8E00AB872E /* MainScene.swift in Sources */ = {isa = PBXBuildFile; fileRef = A6FB7D5828740F8E00AB872E /* MainScene.swift */; };
		A6FB7D8728740F8E00AB872E /* AboutView.swift in Sources */ = {isa = PBXBuildFile; fileRef = A6FB7D5C28740F8E00AB872E /* AboutView.swift */; };
/* End PBXBuildFile section */

/* Begin PBXContainerItemProxy section */
		1E2944872973A1F5000A90B0 /* PBXContainerItemProxy */ = {
			isa = PBXContainerItemProxy;
			containerPortal = A65FE355283D80C900D1F5C8 /* Project object */;
			proxyType = 1;
			remoteGlobalIDString = A6E5AAB42860525A008AA653;
			remoteInfo = "Desktop Pets";
		};
/* End PBXContainerItemProxy section */

/* Begin PBXFileReference section */
		1E1EBF30291F9E1800D2323D /* dogica.ttf */ = {isa = PBXFileReference; lastKnownFileType = file; path = dogica.ttf; sourceTree = "<group>"; };
		1E25273A2989AB4C00756762 /* AppStateStorage.swift */ = {isa = PBXFileReference; lastKnownFileType = sourcecode.swift; path = AppStateStorage.swift; sourceTree = "<group>"; };
		1E25273C2989ABC300756762 /* Dependencies.swift */ = {isa = PBXFileReference; lastKnownFileType = sourcecode.swift; path = Dependencies.swift; sourceTree = "<group>"; };
		1E29446E29739B9B000A90B0 /* Desktop Pets Tests.xctest */ = {isa = PBXFileReference; explicitFileType = wrapper.cfbundle; includeInIndex = 0; path = "Desktop Pets Tests.xctest"; sourceTree = BUILT_PRODUCTS_DIR; };
		1E29447529739BCE000A90B0 /* Desktop Pets.xctestplan */ = {isa = PBXFileReference; lastKnownFileType = text; name = "Desktop Pets.xctestplan"; path = "Tests/Desktop Pets.xctestplan"; sourceTree = SOURCE_ROOT; };
		1E2AC73F290AA941003D0AB2 /* AppState.swift */ = {isa = PBXFileReference; lastKnownFileType = sourcecode.swift; path = AppState.swift; sourceTree = "<group>"; };
		1E2AC745290B1093003D0AB2 /* Lang.swift */ = {isa = PBXFileReference; lastKnownFileType = sourcecode.swift; path = Lang.swift; sourceTree = "<group>"; };
		1E2D7D4829747D9400DC7D5F /* NewsView.swift */ = {isa = PBXFileReference; lastKnownFileType = sourcecode.swift; path = NewsView.swift; sourceTree = "<group>"; };
		1E326814298C73A70019C346 /* DesktopPetsTests.swift */ = {isa = PBXFileReference; lastKnownFileType = sourcecode.swift; path = DesktopPetsTests.swift; sourceTree = "<group>"; };
		1E33FD94295EEDD700B9FC36 /* PetsAssets.swift */ = {isa = PBXFileReference; fileEncoding = 4; lastKnownFileType = sourcecode.swift; path = PetsAssets.swift; sourceTree = "<group>"; };
		1E36C819295F533D008EFB28 /* PetsSelectionView.swift */ = {isa = PBXFileReference; fileEncoding = 4; lastKnownFileType = sourcecode.swift; path = PetsSelectionView.swift; sourceTree = "<group>"; };
		1E36C81A295F533D008EFB28 /* PetsGrid.swift */ = {isa = PBXFileReference; fileEncoding = 4; lastKnownFileType = sourcecode.swift; path = PetsGrid.swift; sourceTree = "<group>"; };
		1E36C81B295F533D008EFB28 /* PetDetailsView.swift */ = {isa = PBXFileReference; fileEncoding = 4; lastKnownFileType = sourcecode.swift; path = PetDetailsView.swift; sourceTree = "<group>"; };
		1E36C81C295F533D008EFB28 /* PetsSelectionViewModel.swift */ = {isa = PBXFileReference; fileEncoding = 4; lastKnownFileType = sourcecode.swift; path = PetsSelectionViewModel.swift; sourceTree = "<group>"; };
		1E36C81E295F533D008EFB28 /* PetDetailsViewModel.swift */ = {isa = PBXFileReference; fileEncoding = 4; lastKnownFileType = sourcecode.swift; path = PetDetailsViewModel.swift; sourceTree = "<group>"; };
		1E42E4D3295F7A5200F425F8 /* Species.swift */ = {isa = PBXFileReference; lastKnownFileType = sourcecode.swift; path = Species.swift; sourceTree = "<group>"; };
		1E5AACB429716CB9007531DF /* Tracking.swift */ = {isa = PBXFileReference; fileEncoding = 4; lastKnownFileType = sourcecode.swift; path = Tracking.swift; sourceTree = "<group>"; };
		1E5AACB529716CB9007531DF /* Firebase.swift */ = {isa = PBXFileReference; fileEncoding = 4; lastKnownFileType = sourcecode.swift; path = Firebase.swift; sourceTree = "<group>"; };
		1E61F885296F6B52007863DE /* Filters.swift */ = {isa = PBXFileReference; lastKnownFileType = sourcecode.swift; path = Filters.swift; sourceTree = "<group>"; };
		1E7B939B298C78B5001F045E /* CustomPetsDependencies.swift */ = {isa = PBXFileReference; lastKnownFileType = sourcecode.swift; path = CustomPetsDependencies.swift; sourceTree = "<group>"; };
		1E7D1EA42909C31600CC036B /* Settings.swift */ = {isa = PBXFileReference; fileEncoding = 4; lastKnownFileType = sourcecode.swift; path = Settings.swift; sourceTree = "<group>"; };
		1E7D33F22915E2B2002C0188 /* AppPages.swift */ = {isa = PBXFileReference; lastKnownFileType = sourcecode.swift; path = AppPages.swift; sourceTree = "<group>"; };
		1E861D112989BFD000EA074E /* EntityRendering.swift */ = {isa = PBXFileReference; lastKnownFileType = sourcecode.swift; path = EntityRendering.swift; sourceTree = "<group>"; };
		1E93C60229623192007A5B91 /* fr */ = {isa = PBXFileReference; lastKnownFileType = text.plist.strings; name = fr; path = fr.lproj/Localizable.strings; sourceTree = "<group>"; };
		1E93C60B29624891007A5B91 /* ImportPetDragAndDropCoordinator.swift */ = {isa = PBXFileReference; lastKnownFileType = sourcecode.swift; path = ImportPetDragAndDropCoordinator.swift; sourceTree = "<group>"; };
		1E93C60E2962E781007A5B91 /* DeletePetButtonCoordinator.swift */ = {isa = PBXFileReference; lastKnownFileType = sourcecode.swift; path = DeletePetButtonCoordinator.swift; sourceTree = "<group>"; };
		1EA055572913E4BE0037803E /* AppDelegate.swift */ = {isa = PBXFileReference; lastKnownFileType = sourcecode.swift; path = AppDelegate.swift; sourceTree = "<group>"; };
		1EA0D847298C6A0400FA07F5 /* ExportPetButtonCoordinator.swift */ = {isa = PBXFileReference; fileEncoding = 4; lastKnownFileType = sourcecode.swift; path = ExportPetButtonCoordinator.swift; sourceTree = "<group>"; };
		1EAB525D2989B3FD00EA4034 /* PetsWindow.swift */ = {isa = PBXFileReference; lastKnownFileType = sourcecode.swift; path = PetsWindow.swift; sourceTree = "<group>"; };
		1EAEA8F22970D32900AB3EB0 /* RandomPlatformJumper.swift */ = {isa = PBXFileReference; fileEncoding = 4; lastKnownFileType = sourcecode.swift; path = RandomPlatformJumper.swift; sourceTree = "<group>"; };
		1EAEA8F32970D32900AB3EB0 /* DesktopObstaclesService.swift */ = {isa = PBXFileReference; fileEncoding = 4; lastKnownFileType = sourcecode.swift; path = DesktopObstaclesService.swift; sourceTree = "<group>"; };
		1EAEA8F42970D32900AB3EB0 /* ShowMenuOnRightClick.swift */ = {isa = PBXFileReference; fileEncoding = 4; lastKnownFileType = sourcecode.swift; path = ShowMenuOnRightClick.swift; sourceTree = "<group>"; };
		1EAEA8F62970D32900AB3EB0 /* MouseDraggable.swift */ = {isa = PBXFileReference; fileEncoding = 4; lastKnownFileType = sourcecode.swift; path = MouseDraggable.swift; sourceTree = "<group>"; };
		1EAEA8F82970D32900AB3EB0 /* GetsAngryWhenMeetingOtherCats.swift */ = {isa = PBXFileReference; fileEncoding = 4; lastKnownFileType = sourcecode.swift; path = GetsAngryWhenMeetingOtherCats.swift; sourceTree = "<group>"; };
		1EAEA8FA2970D32900AB3EB0 /* DesktopEnvironment.swift */ = {isa = PBXFileReference; fileEncoding = 4; lastKnownFileType = sourcecode.swift; path = DesktopEnvironment.swift; sourceTree = "<group>"; };
		1EAEA8FB2970D32900AB3EB0 /* ScreenEnvironment.swift */ = {isa = PBXFileReference; fileEncoding = 4; lastKnownFileType = sourcecode.swift; path = ScreenEnvironment.swift; sourceTree = "<group>"; };
		1EAEA8FC2970D32900AB3EB0 /* SleepingPlace.swift */ = {isa = PBXFileReference; fileEncoding = 4; lastKnownFileType = sourcecode.swift; path = SleepingPlace.swift; sourceTree = "<group>"; };
		1EAEA8FD2970D32900AB3EB0 /* PetEntity.swift */ = {isa = PBXFileReference; fileEncoding = 4; lastKnownFileType = sourcecode.swift; path = PetEntity.swift; sourceTree = "<group>"; };
		1EAEA8FE2970D32900AB3EB0 /* Animations.swift */ = {isa = PBXFileReference; fileEncoding = 4; lastKnownFileType = sourcecode.swift; path = Animations.swift; sourceTree = "<group>"; };
		1EAEA8FF2970D32900AB3EB0 /* UfoAbduction.swift */ = {isa = PBXFileReference; fileEncoding = 4; lastKnownFileType = sourcecode.swift; path = UfoAbduction.swift; sourceTree = "<group>"; };
		1EAEA9002970D32900AB3EB0 /* Capabilities.swift */ = {isa = PBXFileReference; fileEncoding = 4; lastKnownFileType = sourcecode.swift; path = Capabilities.swift; sourceTree = "<group>"; };
		1EAEA9012970D32900AB3EB0 /* OnScreen.swift */ = {isa = PBXFileReference; fileEncoding = 4; lastKnownFileType = sourcecode.swift; path = OnScreen.swift; sourceTree = "<group>"; };
		1EC3B0B629637128009ECD6A /* Species */ = {isa = PBXFileReference; lastKnownFileType = folder; path = Species; sourceTree = "<group>"; };
		1EC3B0B729637128009ECD6A /* PetsAssets */ = {isa = PBXFileReference; lastKnownFileType = folder; path = PetsAssets; sourceTree = "<group>"; };
		1ED1D04029130C11004031BC /* StatusBar.swift */ = {isa = PBXFileReference; lastKnownFileType = sourcecode.swift; path = StatusBar.swift; sourceTree = "<group>"; };
		1ED75D42291AEF4E004C6B7B /* pixelar-regular.otf */ = {isa = PBXFileReference; lastKnownFileType = file; path = "pixelar-regular.otf"; sourceTree = "<group>"; };
		1EF813EF29718A1600D6B4E6 /* GoogleService-Info.plist */ = {isa = PBXFileReference; fileEncoding = 4; lastKnownFileType = text.plist.xml; path = "GoogleService-Info.plist"; sourceTree = "<group>"; };
		A66B2C1B28746D2E00D695EA /* Desktop Pets.app */ = {isa = PBXFileReference; explicitFileType = wrapper.application; includeInIndex = 0; path = "Desktop Pets.app"; sourceTree = BUILT_PRODUCTS_DIR; };
		A6FB7D4628740F8E00AB872E /* en */ = {isa = PBXFileReference; lastKnownFileType = text.plist.strings; name = en; path = en.lproj/Localizable.strings; sourceTree = "<group>"; };
		A6FB7D4728740F8E00AB872E /* it */ = {isa = PBXFileReference; lastKnownFileType = text.plist.strings; name = it; path = it.lproj/Localizable.strings; sourceTree = "<group>"; };
		A6FB7D4928740F8E00AB872E /* Assets.xcassets */ = {isa = PBXFileReference; lastKnownFileType = folder.assetcatalog; path = Assets.xcassets; sourceTree = "<group>"; };
		A6FB7D4A28740F8E00AB872E /* MacPets.entitlements */ = {isa = PBXFileReference; fileEncoding = 4; lastKnownFileType = text.plist.entitlements; path = MacPets.entitlements; sourceTree = "<group>"; };
		A6FB7D4B28740F8E00AB872E /* Info.plist */ = {isa = PBXFileReference; fileEncoding = 4; lastKnownFileType = text.plist.xml; path = Info.plist; sourceTree = "<group>"; };
		A6FB7D5628740F8E00AB872E /* App.swift */ = {isa = PBXFileReference; fileEncoding = 4; indentWidth = 3; lastKnownFileType = sourcecode.swift; path = App.swift; sourceTree = "<group>"; };
		A6FB7D5828740F8E00AB872E /* MainScene.swift */ = {isa = PBXFileReference; fileEncoding = 4; lastKnownFileType = sourcecode.swift; path = MainScene.swift; sourceTree = "<group>"; };
		A6FB7D5C28740F8E00AB872E /* AboutView.swift */ = {isa = PBXFileReference; fileEncoding = 4; lastKnownFileType = sourcecode.swift; path = AboutView.swift; sourceTree = "<group>"; };
/* End PBXFileReference section */

/* Begin PBXFrameworksBuildPhase section */
		1E29446B29739B9B000A90B0 /* Frameworks */ = {
			isa = PBXFrameworksBuildPhase;
			buildActionMask = 2147483647;
			files = (
				1E29448E2973A21A000A90B0 /* FirebaseAnalyticsWithoutAdIdSupport in Frameworks */,
				1E2944902973A21A000A90B0 /* FirebaseCrashlytics in Frameworks */,
			);
			runOnlyForDeploymentPostprocessing = 0;
		};
		A6E5AAD72860525A008AA653 /* Frameworks */ = {
			isa = PBXFrameworksBuildPhase;
			buildActionMask = 2147483647;
			files = (
				1EF813B5297177A400D6B4E6 /* Yage in Frameworks */,
				1E2527392989AB2C00756762 /* Swinject in Frameworks */,
				1EF813C5297177A500D6B4E6 /* FirebaseAnalyticsWithoutAdIdSupport in Frameworks */,
				1EF813BB297177A400D6B4E6 /* Schwifty in Frameworks */,
				1EF813B3297177A400D6B4E6 /* DesignSystem in Frameworks */,
				1EF813C7297177A500D6B4E6 /* FirebaseCrashlytics in Frameworks */,
				1EAB52602989B8F800EA4034 /* EntityRendering in Frameworks */,
				1EF813BD297177A400D6B4E6 /* RateKit in Frameworks */,
				1EF813B9297177A400D6B4E6 /* LaunchAtLogin in Frameworks */,
				1EF813C3297177A400D6B4E6 /* WindowsDetector in Frameworks */,
				1E861D142989C49F00EA074E /* DependencyInjectionUtils in Frameworks */,
				1E326813298C73980019C346 /* CustomPets in Frameworks */,
			);
			runOnlyForDeploymentPostprocessing = 0;
		};
/* End PBXFrameworksBuildPhase section */

/* Begin PBXGroup section */
		1E29447629739BFC000A90B0 /* Frameworks */ = {
			isa = PBXGroup;
			children = (
			);
			name = Frameworks;
			sourceTree = "<group>";
		};
		1E2AC742290AB375003D0AB2 /* App */ = {
			isa = PBXGroup;
			children = (
				A6FB7D5628740F8E00AB872E /* App.swift */,
				1EA055572913E4BE0037803E /* AppDelegate.swift */,
			);
			path = App;
			sourceTree = "<group>";
		};
		1E2D7D4729747D8C00DC7D5F /* News */ = {
			isa = PBXGroup;
			children = (
				1E2D7D4829747D9400DC7D5F /* NewsView.swift */,
			);
			path = News;
			sourceTree = "<group>";
		};
		1E36C810295F4D9E008EFB28 /* Models */ = {
			isa = PBXGroup;
			children = (
				1E2AC73F290AA941003D0AB2 /* AppState.swift */,
				1E25273A2989AB4C00756762 /* AppStateStorage.swift */,
				1E2AC745290B1093003D0AB2 /* Lang.swift */,
				1E33FD94295EEDD700B9FC36 /* PetsAssets.swift */,
				1E42E4D3295F7A5200F425F8 /* Species.swift */,
			);
			path = Models;
			sourceTree = "<group>";
		};
		1E36C811295F4DB6008EFB28 /* StatusBar */ = {
			isa = PBXGroup;
			children = (
				1ED1D04029130C11004031BC /* StatusBar.swift */,
			);
			path = StatusBar;
			sourceTree = "<group>";
		};
		1E36C818295F533D008EFB28 /* PetsSelection */ = {
			isa = PBXGroup;
			children = (
				1E36C81B295F533D008EFB28 /* PetDetailsView.swift */,
				1E36C81E295F533D008EFB28 /* PetDetailsViewModel.swift */,
				1E36C81A295F533D008EFB28 /* PetsGrid.swift */,
				1E36C819295F533D008EFB28 /* PetsSelectionView.swift */,
				1E36C81C295F533D008EFB28 /* PetsSelectionViewModel.swift */,
				1E61F885296F6B52007863DE /* Filters.swift */,
			);
			path = PetsSelection;
			sourceTree = "<group>";
		};
		1E485F5E2975DF5700AE9D3F /* Features */ = {
			isa = PBXGroup;
			children = (
				1EAEA8F22970D32900AB3EB0 /* RandomPlatformJumper.swift */,
				1EAEA8F82970D32900AB3EB0 /* GetsAngryWhenMeetingOtherCats.swift */,
				1EAEA8FC2970D32900AB3EB0 /* SleepingPlace.swift */,
				1EAEA8FF2970D32900AB3EB0 /* UfoAbduction.swift */,
			);
			path = Features;
			sourceTree = "<group>";
		};
		1E5AACB329716CB9007531DF /* Tracking */ = {
			isa = PBXGroup;
			children = (
				1E5AACB429716CB9007531DF /* Tracking.swift */,
				1E5AACB529716CB9007531DF /* Firebase.swift */,
			);
			path = Tracking;
			sourceTree = "<group>";
		};
		1E861D0E2989BFAC00EA074E /* Dependencies */ = {
			isa = PBXGroup;
			children = (
				1E25273C2989ABC300756762 /* Dependencies.swift */,
				1E861D112989BFD000EA074E /* EntityRendering.swift */,
			);
			path = Dependencies;
			sourceTree = "<group>";
		};
		1E93C5FB29605EDE007A5B91 /* CustomPets */ = {
			isa = PBXGroup;
			children = (
				1E93C60E2962E781007A5B91 /* DeletePetButtonCoordinator.swift */,
				1EA0D847298C6A0400FA07F5 /* ExportPetButtonCoordinator.swift */,
				1E93C60B29624891007A5B91 /* ImportPetDragAndDropCoordinator.swift */,
				1E7B939B298C78B5001F045E /* CustomPetsDependencies.swift */,
			);
			path = CustomPets;
			sourceTree = "<group>";
		};
		1EAEA8F02970D32900AB3EB0 /* OnScreen */ = {
			isa = PBXGroup;
			children = (
				1E485F5E2975DF5700AE9D3F /* Features */,
				1EAEA8F12970D32900AB3EB0 /* Interactions */,
				1EAEA8F72970D32900AB3EB0 /* Models */,
				1EAEA9022970D32900AB3EB0 /* Rendering */,
			);
			path = OnScreen;
			sourceTree = "<group>";
		};
		1EAEA8F12970D32900AB3EB0 /* Interactions */ = {
			isa = PBXGroup;
			children = (
				1EAEA8F32970D32900AB3EB0 /* DesktopObstaclesService.swift */,
				1EAEA8F62970D32900AB3EB0 /* MouseDraggable.swift */,
				1EAEA8F42970D32900AB3EB0 /* ShowMenuOnRightClick.swift */,
			);
			path = Interactions;
			sourceTree = "<group>";
		};
		1EAEA8F72970D32900AB3EB0 /* Models */ = {
			isa = PBXGroup;
			children = (
				1EAEA8FE2970D32900AB3EB0 /* Animations.swift */,
				1EAEA9002970D32900AB3EB0 /* Capabilities.swift */,
				1EAEA8FD2970D32900AB3EB0 /* PetEntity.swift */,
			);
			path = Models;
			sourceTree = "<group>";
		};
		1EAEA9022970D32900AB3EB0 /* Rendering */ = {
			isa = PBXGroup;
			children = (
				1EAEA9012970D32900AB3EB0 /* OnScreen.swift */,
				1EAEA8FA2970D32900AB3EB0 /* DesktopEnvironment.swift */,
				1EAB525D2989B3FD00EA4034 /* PetsWindow.swift */,
				1EAEA8FB2970D32900AB3EB0 /* ScreenEnvironment.swift */,
			);
			path = Rendering;
			sourceTree = "<group>";
		};
		1ED75D30291AEEB8004C6B7B /* Fonts */ = {
			isa = PBXGroup;
			children = (
				1E1EBF30291F9E1800D2323D /* dogica.ttf */,
				1ED75D42291AEF4E004C6B7B /* pixelar-regular.otf */,
			);
			path = Fonts;
			sourceTree = "<group>";
		};
		A65FE354283D80C900D1F5C8 = {
			isa = PBXGroup;
			children = (
				A66B2C1B28746D2E00D695EA /* Desktop Pets.app */,
				1E29446E29739B9B000A90B0 /* Desktop Pets Tests.xctest */,
				A6FB7D4328740F8E00AB872E /* Resources */,
				A6FB7D5128740F8E00AB872E /* Sources */,
				A6FB7D8828740F9A00AB872E /* Tests */,
				1E29447629739BFC000A90B0 /* Frameworks */,
			);
			sourceTree = "<group>";
		};
		A6FB7D4328740F8E00AB872E /* Resources */ = {
			isa = PBXGroup;
			children = (
				A6FB7D4928740F8E00AB872E /* Assets.xcassets */,
				1ED75D30291AEEB8004C6B7B /* Fonts */,
				A6FB7D4B28740F8E00AB872E /* Info.plist */,
				1EF813EF29718A1600D6B4E6 /* GoogleService-Info.plist */,
				A6FB7D4528740F8E00AB872E /* Localizable.strings */,
				A6FB7D4A28740F8E00AB872E /* MacPets.entitlements */,
				1EC3B0B729637128009ECD6A /* PetsAssets */,
				1EC3B0B629637128009ECD6A /* Species */,
			);
			path = Resources;
			sourceTree = "<group>";
		};
		A6FB7D5128740F8E00AB872E /* Sources */ = {
			isa = PBXGroup;
			children = (
				1E861D0E2989BFAC00EA074E /* Dependencies */,
				1E2AC742290AB375003D0AB2 /* App */,
				A6FB7D5B28740F8E00AB872E /* Contents */,
				1E93C5FB29605EDE007A5B91 /* CustomPets */,
				1E36C810295F4D9E008EFB28 /* Models */,
				1E2D7D4729747D8C00DC7D5F /* News */,
				1EAEA8F02970D32900AB3EB0 /* OnScreen */,
				1E36C818295F533D008EFB28 /* PetsSelection */,
				1E36C811295F4DB6008EFB28 /* StatusBar */,
				1E5AACB329716CB9007531DF /* Tracking */,
			);
			path = Sources;
			sourceTree = "<group>";
		};
		A6FB7D5B28740F8E00AB872E /* Contents */ = {
			isa = PBXGroup;
			children = (
				A6FB7D5828740F8E00AB872E /* MainScene.swift */,
				1E7D33F22915E2B2002C0188 /* AppPages.swift */,
				A6FB7D5C28740F8E00AB872E /* AboutView.swift */,
				1E7D1EA42909C31600CC036B /* Settings.swift */,
			);
			path = Contents;
			sourceTree = "<group>";
		};
		A6FB7D8828740F9A00AB872E /* Tests */ = {
			isa = PBXGroup;
			children = (
				1E29447529739BCE000A90B0 /* Desktop Pets.xctestplan */,
				1E326814298C73A70019C346 /* DesktopPetsTests.swift */,
			);
			path = Tests;
			sourceTree = "<group>";
		};
/* End PBXGroup section */

/* Begin PBXNativeTarget section */
		1E29446D29739B9B000A90B0 /* Desktop Pets Tests */ = {
			isa = PBXNativeTarget;
			buildConfigurationList = 1E29447229739B9B000A90B0 /* Build configuration list for PBXNativeTarget "Desktop Pets Tests" */;
			buildPhases = (
				1E29446A29739B9B000A90B0 /* Sources */,
				1E29446B29739B9B000A90B0 /* Frameworks */,
				1E29446C29739B9B000A90B0 /* Resources */,
			);
			buildRules = (
			);
			dependencies = (
				1E2944882973A1F5000A90B0 /* PBXTargetDependency */,
			);
			name = "Desktop Pets Tests";
			packageProductDependencies = (
				1E29448D2973A21A000A90B0 /* FirebaseAnalyticsWithoutAdIdSupport */,
				1E29448F2973A21A000A90B0 /* FirebaseCrashlytics */,
			);
			productName = "Desktop Pets Tests";
			productReference = 1E29446E29739B9B000A90B0 /* Desktop Pets Tests.xctest */;
			productType = "com.apple.product-type.bundle.unit-test";
		};
		A6E5AAB42860525A008AA653 /* Desktop Pets */ = {
			isa = PBXNativeTarget;
			buildConfigurationList = A6E5B59C2860525A008AA653 /* Build configuration list for PBXNativeTarget "Desktop Pets" */;
			buildPhases = (
				A6E5AAC22860525A008AA653 /* SwiftLint */,
				A6E5AAC32860525A008AA653 /* Sources */,
				A6E5AAD72860525A008AA653 /* Frameworks */,
				A6E5AAE52860525A008AA653 /* Resources */,
				A6E5B59B2860525A008AA653 /* Launch at Login Helper */,
			);
			buildRules = (
			);
			dependencies = (
			);
			name = "Desktop Pets";
			packageProductDependencies = (
				1EF813B2297177A400D6B4E6 /* DesignSystem */,
				1EF813B4297177A400D6B4E6 /* Yage */,
				1EF813B8297177A400D6B4E6 /* LaunchAtLogin */,
				1EF813BA297177A400D6B4E6 /* Schwifty */,
				1EF813BC297177A400D6B4E6 /* RateKit */,
				1EF813C2297177A400D6B4E6 /* WindowsDetector */,
				1EF813C4297177A500D6B4E6 /* FirebaseAnalyticsWithoutAdIdSupport */,
				1EF813C6297177A500D6B4E6 /* FirebaseCrashlytics */,
				1E2527382989AB2C00756762 /* Swinject */,
				1EAB525F2989B8F800EA4034 /* EntityRendering */,
				1E861D132989C49F00EA074E /* DependencyInjectionUtils */,
				1E326812298C73980019C346 /* CustomPets */,
			);
			productName = MacPets;
			productReference = A66B2C1B28746D2E00D695EA /* Desktop Pets.app */;
			productType = "com.apple.product-type.application";
		};
/* End PBXNativeTarget section */

/* Begin PBXProject section */
		A65FE355283D80C900D1F5C8 /* Project object */ = {
			isa = PBXProject;
			attributes = {
				BuildIndependentTargetsInParallel = 1;
				LastSwiftUpdateCheck = 1410;
				LastUpgradeCheck = 1410;
				TargetAttributes = {
					1E29446D29739B9B000A90B0 = {
						CreatedOnToolsVersion = 14.1;
					};
				};
			};
			buildConfigurationList = A65FE358283D80C900D1F5C8 /* Build configuration list for PBXProject "DesktopPets" */;
			compatibilityVersion = "Xcode 13.0";
			developmentRegion = en;
			hasScannedForEncodings = 0;
			knownRegions = (
				en,
				Base,
				it,
				fr,
			);
			mainGroup = A65FE354283D80C900D1F5C8;
			packageReferences = (
				A67373C1285386D1002DC8FA /* XCRemoteSwiftPackageReference "LaunchAtLogin" */,
				1EE263FC289285D200771170 /* XCRemoteSwiftPackageReference "schwifty" */,
				1E5D3EA328C08E5F00AC50C6 /* XCRemoteSwiftPackageReference "RateKit" */,
				1E6A244C2970DA0600E62D08 /* XCRemoteSwiftPackageReference "WindowsDetector" */,
				1E5AACAA29716C2E007531DF /* XCRemoteSwiftPackageReference "firebase-ios-sdk" */,
				1E2527372989AB2C00756762 /* XCRemoteSwiftPackageReference "Swinject" */,
			);
			productRefGroup = A65FE354283D80C900D1F5C8;
			projectDirPath = "";
			projectRoot = "";
			targets = (
				A6E5AAB42860525A008AA653 /* Desktop Pets */,
				1E29446D29739B9B000A90B0 /* Desktop Pets Tests */,
			);
		};
/* End PBXProject section */

/* Begin PBXResourcesBuildPhase section */
		1E29446C29739B9B000A90B0 /* Resources */ = {
			isa = PBXResourcesBuildPhase;
			buildActionMask = 2147483647;
			files = (
			);
			runOnlyForDeploymentPostprocessing = 0;
		};
		A6E5AAE52860525A008AA653 /* Resources */ = {
			isa = PBXResourcesBuildPhase;
			buildActionMask = 2147483647;
			files = (
				1E1EBF31291F9E1800D2323D /* dogica.ttf in Resources */,
				1EF813F029718A1600D6B4E6 /* GoogleService-Info.plist in Resources */,
				A6FB7D6E28740F8E00AB872E /* Assets.xcassets in Resources */,
				1EC3B0B829637128009ECD6A /* Species in Resources */,
				1ED75D43291AEF4E004C6B7B /* pixelar-regular.otf in Resources */,
				A6FB7D6A28740F8E00AB872E /* Localizable.strings in Resources */,
				1EC3B0BA29637128009ECD6A /* PetsAssets in Resources */,
			);
			runOnlyForDeploymentPostprocessing = 0;
		};
/* End PBXResourcesBuildPhase section */

/* Begin PBXShellScriptBuildPhase section */
		A6E5AAC22860525A008AA653 /* SwiftLint */ = {
			isa = PBXShellScriptBuildPhase;
			alwaysOutOfDate = 1;
			buildActionMask = 2147483647;
			files = (
			);
			inputFileListPaths = (
			);
			inputPaths = (
			);
			name = SwiftLint;
			outputFileListPaths = (
			);
			outputPaths = (
			);
			runOnlyForDeploymentPostprocessing = 0;
			shellPath = /bin/sh;
			shellScript = "export PATH=\"$PATH:/opt/homebrew/bin\"\n\nif which swiftlint >/dev/null; then\n  swiftlint lint \"$SRCROOT\" --config \"$SRCROOT\"/.swiftlint.yml\nelse\n  echo \"warning: SwiftLint not installed, download from https://github.com/realm/SwiftLint\"\nfi\n";
		};
		A6E5B59B2860525A008AA653 /* Launch at Login Helper */ = {
			isa = PBXShellScriptBuildPhase;
			alwaysOutOfDate = 1;
			buildActionMask = 2147483647;
			files = (
			);
			inputFileListPaths = (
			);
			inputPaths = (
			);
			name = "Launch at Login Helper";
			outputFileListPaths = (
			);
			outputPaths = (
			);
			runOnlyForDeploymentPostprocessing = 0;
			shellPath = /bin/sh;
			shellScript = "\"${BUILT_PRODUCTS_DIR}/LaunchAtLogin_LaunchAtLogin.bundle/Contents/Resources/copy-helper-swiftpm.sh\"\n";
		};
/* End PBXShellScriptBuildPhase section */

/* Begin PBXSourcesBuildPhase section */
		1E29446A29739B9B000A90B0 /* Sources */ = {
			isa = PBXSourcesBuildPhase;
			buildActionMask = 2147483647;
			files = (
				1E326815298C73A70019C346 /* DesktopPetsTests.swift in Sources */,
			);
			runOnlyForDeploymentPostprocessing = 0;
		};
		A6E5AAC32860525A008AA653 /* Sources */ = {
			isa = PBXSourcesBuildPhase;
			buildActionMask = 2147483647;
			files = (
				1EAEA9202970D32900AB3EB0 /* Capabilities.swift in Sources */,
				1E36C829295F533D008EFB28 /* PetDetailsViewModel.swift in Sources */,
				1EAEA91E2970D32900AB3EB0 /* UfoAbduction.swift in Sources */,
				1EAEA9182970D32900AB3EB0 /* SleepingPlace.swift in Sources */,
				A6FB7D8328740F8E00AB872E /* MainScene.swift in Sources */,
				1E36C821295F533D008EFB28 /* PetsGrid.swift in Sources */,
				1E7D33F32915E2B2002C0188 /* AppPages.swift in Sources */,
				1ED1D04129130C11004031BC /* StatusBar.swift in Sources */,
				1EA0D848298C6A0400FA07F5 /* ExportPetButtonCoordinator.swift in Sources */,
				1E5AACB929716CB9007531DF /* Firebase.swift in Sources */,
				1EAEA9082970D32900AB3EB0 /* DesktopObstaclesService.swift in Sources */,
				1EAEA90E2970D32900AB3EB0 /* MouseDraggable.swift in Sources */,
				1E36C823295F533D008EFB28 /* PetDetailsView.swift in Sources */,
				1E42E4D4295F7A5200F425F8 /* Species.swift in Sources */,
				1E33FD95295EEDD700B9FC36 /* PetsAssets.swift in Sources */,
				1E2AC747290B1093003D0AB2 /* Lang.swift in Sources */,
				1E7B939C298C78B5001F045E /* CustomPetsDependencies.swift in Sources */,
				1EAEA9102970D32900AB3EB0 /* GetsAngryWhenMeetingOtherCats.swift in Sources */,
				1E5AACB729716CB9007531DF /* Tracking.swift in Sources */,
				1E2AC741290AA941003D0AB2 /* AppState.swift in Sources */,
				1EAEA91A2970D32900AB3EB0 /* PetEntity.swift in Sources */,
				1E36C825295F533D008EFB28 /* PetsSelectionViewModel.swift in Sources */,
				A6FB7D8728740F8E00AB872E /* AboutView.swift in Sources */,
				1E93C60F2962E781007A5B91 /* DeletePetButtonCoordinator.swift in Sources */,
				1EAEA91C2970D32900AB3EB0 /* Animations.swift in Sources */,
				1E7D1EA62909C31600CC036B /* Settings.swift in Sources */,
				1EAEA90A2970D32900AB3EB0 /* ShowMenuOnRightClick.swift in Sources */,
				1E861D122989BFD000EA074E /* EntityRendering.swift in Sources */,
				A6FB7D7F28740F8E00AB872E /* App.swift in Sources */,
				1EAEA9142970D32900AB3EB0 /* DesktopEnvironment.swift in Sources */,
				1E93C60C29624891007A5B91 /* ImportPetDragAndDropCoordinator.swift in Sources */,
				1EA055582913E4BE0037803E /* AppDelegate.swift in Sources */,
				1EAEA9222970D32900AB3EB0 /* OnScreen.swift in Sources */,
				1EAEA9062970D32900AB3EB0 /* RandomPlatformJumper.swift in Sources */,
				1E25273B2989AB4C00756762 /* AppStateStorage.swift in Sources */,
				1E2D7D4929747D9400DC7D5F /* NewsView.swift in Sources */,
				1E25273D2989ABC300756762 /* Dependencies.swift in Sources */,
				1EAEA9162970D32900AB3EB0 /* ScreenEnvironment.swift in Sources */,
				1E61F886296F6B52007863DE /* Filters.swift in Sources */,
				1EAB525E2989B3FD00EA4034 /* PetsWindow.swift in Sources */,
				1E36C81F295F533D008EFB28 /* PetsSelectionView.swift in Sources */,
			);
			runOnlyForDeploymentPostprocessing = 0;
		};
/* End PBXSourcesBuildPhase section */

/* Begin PBXTargetDependency section */
		1E2944882973A1F5000A90B0 /* PBXTargetDependency */ = {
			isa = PBXTargetDependency;
			target = A6E5AAB42860525A008AA653 /* Desktop Pets */;
			targetProxy = 1E2944872973A1F5000A90B0 /* PBXContainerItemProxy */;
		};
/* End PBXTargetDependency section */

/* Begin PBXVariantGroup section */
		A6FB7D4528740F8E00AB872E /* Localizable.strings */ = {
			isa = PBXVariantGroup;
			children = (
				A6FB7D4628740F8E00AB872E /* en */,
				A6FB7D4728740F8E00AB872E /* it */,
				1E93C60229623192007A5B91 /* fr */,
			);
			name = Localizable.strings;
			sourceTree = "<group>";
		};
/* End PBXVariantGroup section */

/* Begin XCBuildConfiguration section */
		1E29447329739B9B000A90B0 /* Debug */ = {
			isa = XCBuildConfiguration;
			buildSettings = {
				CLANG_CXX_LANGUAGE_STANDARD = "gnu++20";
				CODE_SIGN_IDENTITY = "Apple Development";
				CODE_SIGN_STYLE = Automatic;
				CURRENT_PROJECT_VERSION = 1;
				DEVELOPMENT_TEAM = 9L5V9XNS25;
				GENERATE_INFOPLIST_FILE = YES;
				MACOSX_DEPLOYMENT_TARGET = 13.0;
				MARKETING_VERSION = 1.0;
				PRODUCT_BUNDLE_IDENTIFIER = it.curzel.pets.tests;
				PRODUCT_NAME = "$(TARGET_NAME)";
				PROVISIONING_PROFILE_SPECIFIER = "";
				SWIFT_EMIT_LOC_STRINGS = NO;
				SWIFT_VERSION = 5.0;
			};
			name = Debug;
		};
		1E29447429739B9B000A90B0 /* Release */ = {
			isa = XCBuildConfiguration;
			buildSettings = {
				CLANG_CXX_LANGUAGE_STANDARD = "gnu++20";
				CODE_SIGN_IDENTITY = "Apple Development";
				CODE_SIGN_STYLE = Automatic;
				CURRENT_PROJECT_VERSION = 1;
				DEVELOPMENT_TEAM = 9L5V9XNS25;
				GENERATE_INFOPLIST_FILE = YES;
				MACOSX_DEPLOYMENT_TARGET = 13.0;
				MARKETING_VERSION = 1.0;
				PRODUCT_BUNDLE_IDENTIFIER = it.curzel.pets.tests;
				PRODUCT_NAME = "$(TARGET_NAME)";
				PROVISIONING_PROFILE_SPECIFIER = "";
				SWIFT_EMIT_LOC_STRINGS = NO;
				SWIFT_VERSION = 5.0;
			};
			name = Release;
		};
		A65FE380283D80CB00D1F5C8 /* Debug */ = {
			isa = XCBuildConfiguration;
			buildSettings = {
				ALWAYS_SEARCH_USER_PATHS = NO;
				CLANG_ANALYZER_LOCALIZABILITY_NONLOCALIZED = YES;
				CLANG_ANALYZER_NONNULL = YES;
				CLANG_ANALYZER_NUMBER_OBJECT_CONVERSION = YES_AGGRESSIVE;
				CLANG_CXX_LANGUAGE_STANDARD = "gnu++17";
				CLANG_ENABLE_MODULES = YES;
				CLANG_ENABLE_OBJC_ARC = YES;
				CLANG_ENABLE_OBJC_WEAK = YES;
				CLANG_WARN_BLOCK_CAPTURE_AUTORELEASING = YES;
				CLANG_WARN_BOOL_CONVERSION = YES;
				CLANG_WARN_COMMA = YES;
				CLANG_WARN_CONSTANT_CONVERSION = YES;
				CLANG_WARN_DEPRECATED_OBJC_IMPLEMENTATIONS = YES;
				CLANG_WARN_DIRECT_OBJC_ISA_USAGE = YES_ERROR;
				CLANG_WARN_DOCUMENTATION_COMMENTS = YES;
				CLANG_WARN_EMPTY_BODY = YES;
				CLANG_WARN_ENUM_CONVERSION = YES;
				CLANG_WARN_INFINITE_RECURSION = YES;
				CLANG_WARN_INT_CONVERSION = YES;
				CLANG_WARN_NON_LITERAL_NULL_CONVERSION = YES;
				CLANG_WARN_OBJC_IMPLICIT_RETAIN_SELF = YES;
				CLANG_WARN_OBJC_LITERAL_CONVERSION = YES;
				CLANG_WARN_OBJC_ROOT_CLASS = YES_ERROR;
				CLANG_WARN_QUOTED_INCLUDE_IN_FRAMEWORK_HEADER = YES;
				CLANG_WARN_RANGE_LOOP_ANALYSIS = YES;
				CLANG_WARN_STRICT_PROTOTYPES = YES;
				CLANG_WARN_SUSPICIOUS_MOVE = YES;
				CLANG_WARN_UNGUARDED_AVAILABILITY = YES_AGGRESSIVE;
				CLANG_WARN_UNREACHABLE_CODE = YES;
				CLANG_WARN__DUPLICATE_METHOD_MATCH = YES;
				COPY_PHASE_STRIP = NO;
				DEAD_CODE_STRIPPING = YES;
				DEBUG_INFORMATION_FORMAT = dwarf;
				ENABLE_STRICT_OBJC_MSGSEND = YES;
				ENABLE_TESTABILITY = YES;
				GCC_C_LANGUAGE_STANDARD = gnu11;
				GCC_DYNAMIC_NO_PIC = NO;
				GCC_NO_COMMON_BLOCKS = YES;
				GCC_OPTIMIZATION_LEVEL = 0;
				GCC_PREPROCESSOR_DEFINITIONS = (
					"DEBUG=1",
					"$(inherited)",
				);
				GCC_WARN_64_TO_32_BIT_CONVERSION = YES;
				GCC_WARN_ABOUT_RETURN_TYPE = YES_ERROR;
				GCC_WARN_UNDECLARED_SELECTOR = YES;
				GCC_WARN_UNINITIALIZED_AUTOS = YES_AGGRESSIVE;
				GCC_WARN_UNUSED_FUNCTION = YES;
				GCC_WARN_UNUSED_VARIABLE = YES;
				MACOSX_DEPLOYMENT_TARGET = 12.3;
				MTL_ENABLE_DEBUG_INFO = INCLUDE_SOURCE;
				MTL_FAST_MATH = YES;
				ONLY_ACTIVE_ARCH = YES;
				SDKROOT = macosx;
				SWIFT_ACTIVE_COMPILATION_CONDITIONS = DEBUG;
				SWIFT_OPTIMIZATION_LEVEL = "-Onone";
			};
			name = Debug;
		};
		A65FE381283D80CB00D1F5C8 /* Release */ = {
			isa = XCBuildConfiguration;
			buildSettings = {
				ALWAYS_SEARCH_USER_PATHS = NO;
				CLANG_ANALYZER_LOCALIZABILITY_NONLOCALIZED = YES;
				CLANG_ANALYZER_NONNULL = YES;
				CLANG_ANALYZER_NUMBER_OBJECT_CONVERSION = YES_AGGRESSIVE;
				CLANG_CXX_LANGUAGE_STANDARD = "gnu++17";
				CLANG_ENABLE_MODULES = YES;
				CLANG_ENABLE_OBJC_ARC = YES;
				CLANG_ENABLE_OBJC_WEAK = YES;
				CLANG_WARN_BLOCK_CAPTURE_AUTORELEASING = YES;
				CLANG_WARN_BOOL_CONVERSION = YES;
				CLANG_WARN_COMMA = YES;
				CLANG_WARN_CONSTANT_CONVERSION = YES;
				CLANG_WARN_DEPRECATED_OBJC_IMPLEMENTATIONS = YES;
				CLANG_WARN_DIRECT_OBJC_ISA_USAGE = YES_ERROR;
				CLANG_WARN_DOCUMENTATION_COMMENTS = YES;
				CLANG_WARN_EMPTY_BODY = YES;
				CLANG_WARN_ENUM_CONVERSION = YES;
				CLANG_WARN_INFINITE_RECURSION = YES;
				CLANG_WARN_INT_CONVERSION = YES;
				CLANG_WARN_NON_LITERAL_NULL_CONVERSION = YES;
				CLANG_WARN_OBJC_IMPLICIT_RETAIN_SELF = YES;
				CLANG_WARN_OBJC_LITERAL_CONVERSION = YES;
				CLANG_WARN_OBJC_ROOT_CLASS = YES_ERROR;
				CLANG_WARN_QUOTED_INCLUDE_IN_FRAMEWORK_HEADER = YES;
				CLANG_WARN_RANGE_LOOP_ANALYSIS = YES;
				CLANG_WARN_STRICT_PROTOTYPES = YES;
				CLANG_WARN_SUSPICIOUS_MOVE = YES;
				CLANG_WARN_UNGUARDED_AVAILABILITY = YES_AGGRESSIVE;
				CLANG_WARN_UNREACHABLE_CODE = YES;
				CLANG_WARN__DUPLICATE_METHOD_MATCH = YES;
				COPY_PHASE_STRIP = NO;
				DEAD_CODE_STRIPPING = YES;
				DEBUG_INFORMATION_FORMAT = "dwarf-with-dsym";
				ENABLE_NS_ASSERTIONS = NO;
				ENABLE_STRICT_OBJC_MSGSEND = YES;
				GCC_C_LANGUAGE_STANDARD = gnu11;
				GCC_NO_COMMON_BLOCKS = YES;
				GCC_WARN_64_TO_32_BIT_CONVERSION = YES;
				GCC_WARN_ABOUT_RETURN_TYPE = YES_ERROR;
				GCC_WARN_UNDECLARED_SELECTOR = YES;
				GCC_WARN_UNINITIALIZED_AUTOS = YES_AGGRESSIVE;
				GCC_WARN_UNUSED_FUNCTION = YES;
				GCC_WARN_UNUSED_VARIABLE = YES;
				MACOSX_DEPLOYMENT_TARGET = 12.3;
				MTL_ENABLE_DEBUG_INFO = NO;
				MTL_FAST_MATH = YES;
				SDKROOT = macosx;
				SWIFT_COMPILATION_MODE = wholemodule;
				SWIFT_OPTIMIZATION_LEVEL = "-O";
			};
			name = Release;
		};
		A6E5B59D2860525A008AA653 /* Debug */ = {
			isa = XCBuildConfiguration;
			buildSettings = {
				ASSETCATALOG_COMPILER_APPICON_NAME = AppIcon;
				ASSETCATALOG_COMPILER_GLOBAL_ACCENT_COLOR_NAME = AccentColor;
				CODE_SIGN_ENTITLEMENTS = Resources/MacPets.entitlements;
				CODE_SIGN_IDENTITY = "-";
				CODE_SIGN_STYLE = Automatic;
				COMBINE_HIDPI_IMAGES = YES;
				CURRENT_PROJECT_VERSION = 203401;
				DEAD_CODE_STRIPPING = YES;
				DEVELOPMENT_ASSET_PATHS = "";
				DEVELOPMENT_TEAM = 9L5V9XNS25;
				ENABLE_HARDENED_RUNTIME = YES;
				ENABLE_PREVIEWS = YES;
				GENERATE_INFOPLIST_FILE = YES;
				INFOPLIST_FILE = Resources/Info.plist;
				INFOPLIST_KEY_CFBundleDisplayName = "Desktop Pets";
				INFOPLIST_KEY_LSApplicationCategoryType = "public.app-category.entertainment";
				INFOPLIST_KEY_LSUIElement = YES;
				INFOPLIST_KEY_NSHumanReadableCopyright = "Curzel Federico";
				INFOPLIST_KEY_WKRunsIndependentlyOfCompanionApp = YES;
				IPHONEOS_DEPLOYMENT_TARGET = 15.0;
				LD_RUNPATH_SEARCH_PATHS = (
					"$(inherited)",
					"@executable_path/../Frameworks",
				);
				MACOSX_DEPLOYMENT_TARGET = 11.0;
				MARKETING_VERSION = 2.34;
				PRODUCT_BUNDLE_IDENTIFIER = it.curzel.pets;
				PRODUCT_NAME = "$(TARGET_NAME)";
				SUPPORTED_PLATFORMS = macosx;
				SUPPORTS_MACCATALYST = NO;
				SUPPORTS_MAC_DESIGNED_FOR_IPHONE_IPAD = NO;
				SWIFT_EMIT_LOC_STRINGS = YES;
				SWIFT_VERSION = 5.0;
			};
			name = Debug;
		};
		A6E5B59E2860525A008AA653 /* Release */ = {
			isa = XCBuildConfiguration;
			buildSettings = {
				ASSETCATALOG_COMPILER_APPICON_NAME = AppIcon;
				ASSETCATALOG_COMPILER_GLOBAL_ACCENT_COLOR_NAME = AccentColor;
				CODE_SIGN_ENTITLEMENTS = Resources/MacPets.entitlements;
				CODE_SIGN_IDENTITY = "-";
				CODE_SIGN_STYLE = Automatic;
				COMBINE_HIDPI_IMAGES = YES;
				CURRENT_PROJECT_VERSION = 203401;
				DEAD_CODE_STRIPPING = YES;
				DEVELOPMENT_ASSET_PATHS = "";
				DEVELOPMENT_TEAM = 9L5V9XNS25;
				ENABLE_HARDENED_RUNTIME = YES;
				ENABLE_PREVIEWS = YES;
				GENERATE_INFOPLIST_FILE = YES;
				INFOPLIST_FILE = Resources/Info.plist;
				INFOPLIST_KEY_CFBundleDisplayName = "Desktop Pets";
				INFOPLIST_KEY_LSApplicationCategoryType = "public.app-category.entertainment";
				INFOPLIST_KEY_LSUIElement = YES;
				INFOPLIST_KEY_NSHumanReadableCopyright = "Curzel Federico";
				INFOPLIST_KEY_WKRunsIndependentlyOfCompanionApp = YES;
				IPHONEOS_DEPLOYMENT_TARGET = 15.0;
				LD_RUNPATH_SEARCH_PATHS = (
					"$(inherited)",
					"@executable_path/../Frameworks",
				);
				MACOSX_DEPLOYMENT_TARGET = 11.0;
				MARKETING_VERSION = 2.34;
				PRODUCT_BUNDLE_IDENTIFIER = it.curzel.pets;
				PRODUCT_NAME = "$(TARGET_NAME)";
				SUPPORTED_PLATFORMS = macosx;
				SUPPORTS_MACCATALYST = NO;
				SUPPORTS_MAC_DESIGNED_FOR_IPHONE_IPAD = NO;
				SWIFT_EMIT_LOC_STRINGS = YES;
				SWIFT_VERSION = 5.0;
			};
			name = Release;
		};
/* End XCBuildConfiguration section */

/* Begin XCConfigurationList section */
		1E29447229739B9B000A90B0 /* Build configuration list for PBXNativeTarget "Desktop Pets Tests" */ = {
			isa = XCConfigurationList;
			buildConfigurations = (
				1E29447329739B9B000A90B0 /* Debug */,
				1E29447429739B9B000A90B0 /* Release */,
			);
			defaultConfigurationIsVisible = 0;
			defaultConfigurationName = Release;
		};
		A65FE358283D80C900D1F5C8 /* Build configuration list for PBXProject "DesktopPets" */ = {
			isa = XCConfigurationList;
			buildConfigurations = (
				A65FE380283D80CB00D1F5C8 /* Debug */,
				A65FE381283D80CB00D1F5C8 /* Release */,
			);
			defaultConfigurationIsVisible = 0;
			defaultConfigurationName = Release;
		};
		A6E5B59C2860525A008AA653 /* Build configuration list for PBXNativeTarget "Desktop Pets" */ = {
			isa = XCConfigurationList;
			buildConfigurations = (
				A6E5B59D2860525A008AA653 /* Debug */,
				A6E5B59E2860525A008AA653 /* Release */,
			);
			defaultConfigurationIsVisible = 0;
			defaultConfigurationName = Release;
		};
/* End XCConfigurationList section */

/* Begin XCRemoteSwiftPackageReference section */
		1E2527372989AB2C00756762 /* XCRemoteSwiftPackageReference "Swinject" */ = {
			isa = XCRemoteSwiftPackageReference;
			repositoryURL = "https://github.com/Swinject/Swinject";
			requirement = {
				kind = upToNextMajorVersion;
				minimumVersion = 2.8.0;
			};
		};
		1E5AACAA29716C2E007531DF /* XCRemoteSwiftPackageReference "firebase-ios-sdk" */ = {
			isa = XCRemoteSwiftPackageReference;
			repositoryURL = "https://github.com/firebase/firebase-ios-sdk.git";
			requirement = {
				kind = upToNextMajorVersion;
				minimumVersion = 10.4.0;
			};
		};
		1E5D3EA328C08E5F00AC50C6 /* XCRemoteSwiftPackageReference "RateKit" */ = {
			isa = XCRemoteSwiftPackageReference;
			repositoryURL = "https://github.com/curzel-it/RateKit";
			requirement = {
				kind = upToNextMajorVersion;
				minimumVersion = 1.0.4;
			};
		};
		1E6A244C2970DA0600E62D08 /* XCRemoteSwiftPackageReference "WindowsDetector" */ = {
			isa = XCRemoteSwiftPackageReference;
			repositoryURL = "https://github.com/curzel-it/WindowsDetector";
			requirement = {
				kind = upToNextMajorVersion;
				minimumVersion = 1.0.3;
			};
		};
		1EE263FC289285D200771170 /* XCRemoteSwiftPackageReference "schwifty" */ = {
			isa = XCRemoteSwiftPackageReference;
			repositoryURL = "https://github.com/curzel-it/schwifty";
			requirement = {
				kind = upToNextMajorVersion;
				minimumVersion = 1.0.13;
			};
		};
		A67373C1285386D1002DC8FA /* XCRemoteSwiftPackageReference "LaunchAtLogin" */ = {
			isa = XCRemoteSwiftPackageReference;
			repositoryURL = "https://github.com/sindresorhus/LaunchAtLogin";
			requirement = {
				kind = upToNextMajorVersion;
				minimumVersion = 4.2.0;
			};
		};
/* End XCRemoteSwiftPackageReference section */

/* Begin XCSwiftPackageProductDependency section */
		1E2527382989AB2C00756762 /* Swinject */ = {
			isa = XCSwiftPackageProductDependency;
			package = 1E2527372989AB2C00756762 /* XCRemoteSwiftPackageReference "Swinject" */;
			productName = Swinject;
		};
		1E29448D2973A21A000A90B0 /* FirebaseAnalyticsWithoutAdIdSupport */ = {
			isa = XCSwiftPackageProductDependency;
			package = 1E5AACAA29716C2E007531DF /* XCRemoteSwiftPackageReference "firebase-ios-sdk" */;
			productName = FirebaseAnalyticsWithoutAdIdSupport;
		};
		1E29448F2973A21A000A90B0 /* FirebaseCrashlytics */ = {
			isa = XCSwiftPackageProductDependency;
			package = 1E5AACAA29716C2E007531DF /* XCRemoteSwiftPackageReference "firebase-ios-sdk" */;
			productName = FirebaseCrashlytics;
		};
		1E326812298C73980019C346 /* CustomPets */ = {
			isa = XCSwiftPackageProductDependency;
			productName = CustomPets;
		};
		1E861D132989C49F00EA074E /* DependencyInjectionUtils */ = {
			isa = XCSwiftPackageProductDependency;
			productName = DependencyInjectionUtils;
		};
		1EAB525F2989B8F800EA4034 /* EntityRendering */ = {
			isa = XCSwiftPackageProductDependency;
			productName = EntityRendering;
		};
		1EF813B2297177A400D6B4E6 /* DesignSystem */ = {
			isa = XCSwiftPackageProductDependency;
			productName = DesignSystem;
		};
		1EF813B4297177A400D6B4E6 /* Yage */ = {
			isa = XCSwiftPackageProductDependency;
			productName = Yage;
		};
		1EF813B8297177A400D6B4E6 /* LaunchAtLogin */ = {
			isa = XCSwiftPackageProductDependency;
			package = A67373C1285386D1002DC8FA /* XCRemoteSwiftPackageReference "LaunchAtLogin" */;
			productName = LaunchAtLogin;
		};
		1EF813BA297177A400D6B4E6 /* Schwifty */ = {
			isa = XCSwiftPackageProductDependency;
			package = 1EE263FC289285D200771170 /* XCRemoteSwiftPackageReference "schwifty" */;
			productName = Schwifty;
		};
		1EF813BC297177A400D6B4E6 /* RateKit */ = {
			isa = XCSwiftPackageProductDependency;
			package = 1E5D3EA328C08E5F00AC50C6 /* XCRemoteSwiftPackageReference "RateKit" */;
			productName = RateKit;
		};
		1EF813C2297177A400D6B4E6 /* WindowsDetector */ = {
			isa = XCSwiftPackageProductDependency;
			package = 1E6A244C2970DA0600E62D08 /* XCRemoteSwiftPackageReference "WindowsDetector" */;
			productName = WindowsDetector;
		};
		1EF813C4297177A500D6B4E6 /* FirebaseAnalyticsWithoutAdIdSupport */ = {
			isa = XCSwiftPackageProductDependency;
			package = 1E5AACAA29716C2E007531DF /* XCRemoteSwiftPackageReference "firebase-ios-sdk" */;
			productName = FirebaseAnalyticsWithoutAdIdSupport;
		};
		1EF813C6297177A500D6B4E6 /* FirebaseCrashlytics */ = {
			isa = XCSwiftPackageProductDependency;
			package = 1E5AACAA29716C2E007531DF /* XCRemoteSwiftPackageReference "firebase-ios-sdk" */;
			productName = FirebaseCrashlytics;
		};
/* End XCSwiftPackageProductDependency section */
	};
	rootObject = A65FE355283D80C900D1F5C8 /* Project object */;
}
